// !$*UTF8*$!
{
	archiveVersion = 1;
	classes = {
	};
	objectVersion = 77;
	objects = {

/* Begin PBXBuildFile section */
		004D30E9795B656DA753CD10 /* NowPlayingHelpers.swift in Sources */ = {isa = PBXBuildFile; fileRef = 77BAC2CC9D3D1CB08D3A8DAA /* NowPlayingHelpers.swift */; };
		02430E657FA9837CC9DCEB65 /* WidgetSnapshotLogic.swift in Sources */ = {isa = PBXBuildFile; fileRef = FFCDF62A3F48ABAEDE57003F /* WidgetSnapshotLogic.swift */; };
		026B65418C1AB62F63EA8BFB /* BuildConfig.swift in Sources */ = {isa = PBXBuildFile; fileRef = 395F802B5904C7FC53AA0EB0 /* BuildConfig.swift */; };
		04BF602327A530440DC6383D /* WidgetSnapshotLogic.swift in Sources */ = {isa = PBXBuildFile; fileRef = FFCDF62A3F48ABAEDE57003F /* WidgetSnapshotLogic.swift */; };
		05CF4524341E23099C566A4B /* HomeCachePersistence.swift in Sources */ = {isa = PBXBuildFile; fileRef = A8765ECD4B264BB438A2AAC5 /* HomeCachePersistence.swift */; };
		073EF523C1EDE91F14FE51C7 /* BockMediaWidget.swift in Sources */ = {isa = PBXBuildFile; fileRef = 96362ADD92194C75B849D696 /* BockMediaWidget.swift */; };
		0753CE4DFBCCAC4D86121026 /* HomeFeed.swift in Sources */ = {isa = PBXBuildFile; fileRef = A57FDCB7F6BDBECBB7AFCCFA /* HomeFeed.swift */; };
		07A39EA23667437966F573EA /* NowPlayingSheets.swift in Sources */ = {isa = PBXBuildFile; fileRef = 14B23ED5A49E6A35F04D04F7 /* NowPlayingSheets.swift */; };
		0950F9128B9C285957FDB02A /* LibraryView.swift in Sources */ = {isa = PBXBuildFile; fileRef = 1F7B58B0A76536AEE6734C2A /* LibraryView.swift */; };
		0C94BCCE152F51D186C01518 /* BockTheme.swift in Sources */ = {isa = PBXBuildFile; fileRef = A87D8297AB66C44EDDE32C1F /* BockTheme.swift */; };
		0E45D31910C9A2A1FCF47473 /* SplashView.swift in Sources */ = {isa = PBXBuildFile; fileRef = A46810579B885E5CE81C9693 /* SplashView.swift */; };
		1099804BC722085C6B4A30EB /* DownloadNotifications.swift in Sources */ = {isa = PBXBuildFile; fileRef = 153623DFEC6CD15DC1E7BD01 /* DownloadNotifications.swift */; };
		110C751390770A0A8BA4909F /* HomeFeedComposer.swift in Sources */ = {isa = PBXBuildFile; fileRef = B1BB23134EA00E9114374375 /* HomeFeedComposer.swift */; };
		12F5D1B79FBEFDEE6193A173 /* AccountMenu.swift in Sources */ = {isa = PBXBuildFile; fileRef = DC0D237A112655DA070EA5DF /* AccountMenu.swift */; };
		14615F2F75316751BBE3373F /* SearchHistoryStore.swift in Sources */ = {isa = PBXBuildFile; fileRef = C51FFAC3FD71ACC30A5AF4C8 /* SearchHistoryStore.swift */; };
		14A24FDD605EB4A63E3DE1A7 /* FamilyView.swift in Sources */ = {isa = PBXBuildFile; fileRef = F4DBDC562D4072CA85EE50F7 /* FamilyView.swift */; };
		195A31D4093FB99E55238FAB /* AddToPlaylistSheet.swift in Sources */ = {isa = PBXBuildFile; fileRef = 5AD2FF87B597A96823A1B63F /* AddToPlaylistSheet.swift */; };
		19EE0DC1E44AC8964D6D57BA /* RoomsView.swift in Sources */ = {isa = PBXBuildFile; fileRef = 1265D8F12A716DFB3A9C8E6C /* RoomsView.swift */; };
		1D52816D3E2398F3D4BF97B7 /* HomeView.swift in Sources */ = {isa = PBXBuildFile; fileRef = 76E53B4806CEB1BEA12CA197 /* HomeView.swift */; };
		1DFB1D319FBB1810F60379EC /* LibraryCachePersistence.swift in Sources */ = {isa = PBXBuildFile; fileRef = C98C505AD646785DA2F4AC4E /* LibraryCachePersistence.swift */; };
		20053BAA45EB7BEF59E99D00 /* HouseholdModels.swift in Sources */ = {isa = PBXBuildFile; fileRef = 169D6AAD275A6E60FAB127BF /* HouseholdModels.swift */; };
		21AAF37071225CB4E4A41390 /* LibraryLoader.swift in Sources */ = {isa = PBXBuildFile; fileRef = 471842A0561F0BA4C99AE950 /* LibraryLoader.swift */; };
		28FBB6BF1A9B7CA790D37322 /* RoutinesView.swift in Sources */ = {isa = PBXBuildFile; fileRef = D6ABF2C613FF9A98DF68B8F2 /* RoutinesView.swift */; };
		2A2EE5BF986BF015CA37ADDF /* JSONCoding.swift in Sources */ = {isa = PBXBuildFile; fileRef = F125F548E1A29B395A461226 /* JSONCoding.swift */; };
		2A9F6CE64869024FE2493ADE /* BockMediaApp.swift in Sources */ = {isa = PBXBuildFile; fileRef = 0382D421535E2FB5BFAB967F /* BockMediaApp.swift */; };
		2AD9ACF1988B63266B1EB2FA /* PlayTarget.swift in Sources */ = {isa = PBXBuildFile; fileRef = 17978E04E09A761DA9E24540 /* PlayTarget.swift */; };
		2D60B4D759F60645D769F739 /* OfflineDownloadStore.swift in Sources */ = {isa = PBXBuildFile; fileRef = CD6FC0E93762FEE687CB04FC /* OfflineDownloadStore.swift */; };
		30C44F98B388EAD20F32685C /* FavoritesView.swift in Sources */ = {isa = PBXBuildFile; fileRef = F9F3EB64BBFDF50AB66DD520 /* FavoritesView.swift */; };
		30EFB4E27A1F7BB0C6864B3F /* HomeCardRow.swift in Sources */ = {isa = PBXBuildFile; fileRef = 440B43D367F0EAA81B7D41F2 /* HomeCardRow.swift */; };
		311E24BB5F10C1C3ACF11AC2 /* WidgetControlQueue.swift in Sources */ = {isa = PBXBuildFile; fileRef = ECF320A44437BE47245A27CF /* WidgetControlQueue.swift */; };
		311F48FCA1A3E22BD123D939 /* PlaylistAdminSheets.swift in Sources */ = {isa = PBXBuildFile; fileRef = AED4F166716568AA33D9A26C /* PlaylistAdminSheets.swift */; };
		3143B880968980898FAA89BF /* HomeThemeCatalog.swift in Sources */ = {isa = PBXBuildFile; fileRef = 9021A8F95EB1F4C1560874D7 /* HomeThemeCatalog.swift */; };
		32BD66058B28455DBB71FFF8 /* HomeFeedRules.swift in Sources */ = {isa = PBXBuildFile; fileRef = C521D7CA6741A9BDC79827C1 /* HomeFeedRules.swift */; };
		357123209A57508C0A886DAC /* SearchView.swift in Sources */ = {isa = PBXBuildFile; fileRef = F648A63024E078481F591C6D /* SearchView.swift */; };
		37F959C56E361E8E028E945A /* ApiDtos.swift in Sources */ = {isa = PBXBuildFile; fileRef = 3D7E65B1AA068F611B8CE043 /* ApiDtos.swift */; };
		39E1FDD161D8A877A41CA5B2 /* SettingsView.swift in Sources */ = {isa = PBXBuildFile; fileRef = 97131B61B8BC195873132B4C /* SettingsView.swift */; };
		3C312B3AF680035445DDCBEB /* SetupView.swift in Sources */ = {isa = PBXBuildFile; fileRef = 2E3DCB7FF89D2B837A7DFB01 /* SetupView.swift */; };
		3D826163300C0FD8F419D8FB /* PhonePlayback.swift in Sources */ = {isa = PBXBuildFile; fileRef = 1CC695189DB77B2380B67826 /* PhonePlayback.swift */; };
		3EE7E3FA8ED34A331DD3AFF3 /* ServerEndpointResolver.swift in Sources */ = {isa = PBXBuildFile; fileRef = C463BB2CBC85DDC1541AD79D /* ServerEndpointResolver.swift */; };
		4021E8432D6DB2CB2BB0739E /* AboutView.swift in Sources */ = {isa = PBXBuildFile; fileRef = A9B253A49D2E2447BEB1021C /* AboutView.swift */; };
		4716D60367A71BC18BB01A7F /* CarPlayCoordinator.swift in Sources */ = {isa = PBXBuildFile; fileRef = 94008296AE9F80161ABA3F67 /* CarPlayCoordinator.swift */; };
		4A335928C04380449389D2E3 /* AppState.swift in Sources */ = {isa = PBXBuildFile; fileRef = 8AF0681BB0768DB0E4BA8C22 /* AppState.swift */; };
		4BC61D484F1E01E3C62E044A /* ModelsTests.swift in Sources */ = {isa = PBXBuildFile; fileRef = 6BE03322B94FC96A776A3088 /* ModelsTests.swift */; };
		4BCAFDFDE64587E400CF1D3C /* HomeLoadCoordinator.swift in Sources */ = {isa = PBXBuildFile; fileRef = F770544B548EE417CE6A9931 /* HomeLoadCoordinator.swift */; };
		4D1DBB5E2D50491CCF5D5B5F /* ArtworkImageCache.swift in Sources */ = {isa = PBXBuildFile; fileRef = 3A239C86F83F0892A4CC0A64 /* ArtworkImageCache.swift */; };
		4F3C8FF39926712DB164014C /* AppPreferences.swift in Sources */ = {isa = PBXBuildFile; fileRef = 4465FBF1515BEBB133A583F0 /* AppPreferences.swift */; };
		547B01FF68B2047553A6BE83 /* WidgetControlQueue.swift in Sources */ = {isa = PBXBuildFile; fileRef = ECF320A44437BE47245A27CF /* WidgetControlQueue.swift */; };
		5594D548B6DEF1F8E011CE18 /* LocalPlaybackController.swift in Sources */ = {isa = PBXBuildFile; fileRef = 786FF517895129D45B2F5285 /* LocalPlaybackController.swift */; };
		56B98389010330AD8BB36575 /* HomeFeedCache.swift in Sources */ = {isa = PBXBuildFile; fileRef = 2053E1DD199FF4054EB5901B /* HomeFeedCache.swift */; };
		56E27AF5A0E6871048733285 /* Models.swift in Sources */ = {isa = PBXBuildFile; fileRef = E344D558F3E0FA5C1ED8229E /* Models.swift */; };
		5945D79660AA217B1282755D /* BockArtwork.swift in Sources */ = {isa = PBXBuildFile; fileRef = 8E07940951ACE9B4ED9A431B /* BockArtwork.swift */; };
		59B088E379EF7592B35BE138 /* MainTabView.swift in Sources */ = {isa = PBXBuildFile; fileRef = 87EDE0AB484433FE63E02135 /* MainTabView.swift */; };
		59D1F8AA1967F4DFC49A3BCC /* NowPlayingView.swift in Sources */ = {isa = PBXBuildFile; fileRef = 3D432AE0C29FFD8D4886088E /* NowPlayingView.swift */; };
		5C71F4B173C3842353B23163 /* DownloadsView.swift in Sources */ = {isa = PBXBuildFile; fileRef = C26412D32A0C089B5876DD34 /* DownloadsView.swift */; };
		6362CBC65862F3059965A15A /* BockMediaWidget.appex in Embed Foundation Extensions */ = {isa = PBXBuildFile; fileRef = F80B7AF5FF5042D2B666FD49 /* BockMediaWidget.appex */; settings = {ATTRIBUTES = (RemoveHeadersOnCopy, ); }; };
		6580CE78A799EEBCB51B3EF6 /* HomeMoodSections.swift in Sources */ = {isa = PBXBuildFile; fileRef = 4F3996406D4CFD64F14974CB /* HomeMoodSections.swift */; };
		6B206DA4D24BA79EECE918D7 /* HomeArtwork.swift in Sources */ = {isa = PBXBuildFile; fileRef = A710AD21896747BE31EE7B2F /* HomeArtwork.swift */; };
		6CF9DD3FE37192A58B1D9EE8 /* MiniNowPlayingBar.swift in Sources */ = {isa = PBXBuildFile; fileRef = F67D39DB21B98C2A81872EC6 /* MiniNowPlayingBar.swift */; };
		6E722A8D5D488F69037365E6 /* OfflineDownloadIds.swift in Sources */ = {isa = PBXBuildFile; fileRef = 1291CDFA2FECFFB31CE543E5 /* OfflineDownloadIds.swift */; };
		72F52CB3392C1C44C4981657 /* SearchBrowse.swift in Sources */ = {isa = PBXBuildFile; fileRef = 78577EDBE2D82E9ABC1F35D9 /* SearchBrowse.swift */; };
		798F4FF6F4430ED78EE5232B /* HomeFeedComposerGoldenTests.swift in Sources */ = {isa = PBXBuildFile; fileRef = C52F69774C7ECCBEF39BBA50 /* HomeFeedComposerGoldenTests.swift */; };
		7E2D8E88F5612C676C902C62 /* RoomPolicySheet.swift in Sources */ = {isa = PBXBuildFile; fileRef = E7E5019CF471B241196ADC3A /* RoomPolicySheet.swift */; };
		7E41E01AE300F9E7699F0DC9 /* DiscoveryActions.swift in Sources */ = {isa = PBXBuildFile; fileRef = DF1E23A83A2CC639B5F614D9 /* DiscoveryActions.swift */; };
		8412CF34F170C96DF18D9224 /* BrowseViews.swift in Sources */ = {isa = PBXBuildFile; fileRef = 1D23E7344A8A65A0A7622357 /* BrowseViews.swift */; };
		88787BF4FCED6A5C1F442869 /* Assets.xcassets in Resources */ = {isa = PBXBuildFile; fileRef = A2024D5EB14C7F7C8636146F /* Assets.xcassets */; };
		8D300B311B2097C7A2EB68F6 /* DevicePickerSheet.swift in Sources */ = {isa = PBXBuildFile; fileRef = 75918F862E43119489B5FAC3 /* DevicePickerSheet.swift */; };
		9178AB99693D3238E97F6711 /* DeepLink.swift in Sources */ = {isa = PBXBuildFile; fileRef = 4A6D4FC26B8175D8DEB33332 /* DeepLink.swift */; };
		95395C24CD4E5E0AF0FAB330 /* BockAPIError.swift in Sources */ = {isa = PBXBuildFile; fileRef = 28D982FEEAC52C7D86351868 /* BockAPIError.swift */; };
		96EE3F53446C4D85C142006B /* HomeTileEngagement.swift in Sources */ = {isa = PBXBuildFile; fileRef = 3EF100E42DE56D32E6E1FF9F /* HomeTileEngagement.swift */; };
		9D63E7A495BBE0FFA028AB9C /* BockLoadingLogo.swift in Sources */ = {isa = PBXBuildFile; fileRef = E1F7505D9C6167DAD06785A2 /* BockLoadingLogo.swift */; };
		A40FAC23AE7CF7EE50229B89 /* AutomationFormSheet.swift in Sources */ = {isa = PBXBuildFile; fileRef = 7E6FE8FBF84701EB0A867015 /* AutomationFormSheet.swift */; };
		A4F81A6C81D93A2CF3E80244 /* DeviceAnalyticsReporter.swift in Sources */ = {isa = PBXBuildFile; fileRef = 5DFE0CAC9A298D8B7AD38E18 /* DeviceAnalyticsReporter.swift */; };
		A6FFFA097B3A9C175E26FAA7 /* WidgetSessionStore.swift in Sources */ = {isa = PBXBuildFile; fileRef = 11992C881D72D93D66A31C26 /* WidgetSessionStore.swift */; };
		A86AEADF383F531C768E42A9 /* BockMediaUITests.swift in Sources */ = {isa = PBXBuildFile; fileRef = 2930336E7AD4034B6A8C238C /* BockMediaUITests.swift */; };
		A89790118FB632A7A4815A60 /* AuthHeaders.swift in Sources */ = {isa = PBXBuildFile; fileRef = 1AB356BA54C5E5437624049B /* AuthHeaders.swift */; };
		A8D179B7C2082462CA89A7D9 /* DrivingModeView.swift in Sources */ = {isa = PBXBuildFile; fileRef = 157E488304B98DA74883C5AB /* DrivingModeView.swift */; };
		ACC8589CD40480784B8BC324 /* WidgetSnapshotLogicTests.swift in Sources */ = {isa = PBXBuildFile; fileRef = 85BB314B6D62FD8D1ADDCF53 /* WidgetSnapshotLogicTests.swift */; };
		AFAA29475F05613F5F4E9F93 /* ClientIdStore.swift in Sources */ = {isa = PBXBuildFile; fileRef = 7FC852CD46A080C980D30EE8 /* ClientIdStore.swift */; };
		B2DD174504029CB640DBF51F /* AppDelegate.swift in Sources */ = {isa = PBXBuildFile; fileRef = 57B51F1C9BF51FC30010B8D6 /* AppDelegate.swift */; };
		B5DF2AD0BBF011A3DD81FDF1 /* NowPlayingMerge.swift in Sources */ = {isa = PBXBuildFile; fileRef = 0D0B49F3C20B8CDBFB80CBC1 /* NowPlayingMerge.swift */; };
		B7E9D9F389185C6CBE2CAB19 /* LibraryRoute.swift in Sources */ = {isa = PBXBuildFile; fileRef = 5412ABEB39FE2F1F122A1282 /* LibraryRoute.swift */; };
		B7F8CABE21DA1F519DCA1F8F /* AutomationsView.swift in Sources */ = {isa = PBXBuildFile; fileRef = B4472AE1220E8E2D3D4902EF /* AutomationsView.swift */; };
		B9D3C10EBBACD1EA9912BACD /* SearchSongFilter.swift in Sources */ = {isa = PBXBuildFile; fileRef = 8AFAFC94569A11F169B10845 /* SearchSongFilter.swift */; };
		BC99116AFC211D733FCE7235 /* ManagePlaylistsView.swift in Sources */ = {isa = PBXBuildFile; fileRef = 44084AB7BFECCB2A0AE8DD58 /* ManagePlaylistsView.swift */; };
		BD4B50A9EED76297963DF66B /* HomeArtworkCache.swift in Sources */ = {isa = PBXBuildFile; fileRef = 35F13A78C89F4EA3BA153996 /* HomeArtworkCache.swift */; };
		BE2FDF15F6EA38E4C6AE9FAB /* BockIcons.swift in Sources */ = {isa = PBXBuildFile; fileRef = 950FD3DD7882DEBB571034B9 /* BockIcons.swift */; };
		BED7A18BD2946C1059F4E617 /* BockIcons.swift in Sources */ = {isa = PBXBuildFile; fileRef = 950FD3DD7882DEBB571034B9 /* BockIcons.swift */; };
		BF47D6BDD33B53B784348F2B /* OfflineDownloadManager.swift in Sources */ = {isa = PBXBuildFile; fileRef = 1D98381030488F554155B41C /* OfflineDownloadManager.swift */; };
		C27F81088F1300D8F92CF36C /* GenreDetailView.swift in Sources */ = {isa = PBXBuildFile; fileRef = 1346EDF03051012039EFE5A8 /* GenreDetailView.swift */; };
		C3E51BA9B27B43DD346B74AE /* RecentRequestsView.swift in Sources */ = {isa = PBXBuildFile; fileRef = 507524D9DC1D15458C956978 /* RecentRequestsView.swift */; };
		C86EEE4BD90C58ABFEBD4646 /* RootView.swift in Sources */ = {isa = PBXBuildFile; fileRef = 157E21D1DF21A36CD192F9C2 /* RootView.swift */; };
		CC1720D8493D4B0016481405 /* DeviceCatalog.swift in Sources */ = {isa = PBXBuildFile; fileRef = E514FBE1F6D9A650C4BFB65F /* DeviceCatalog.swift */; };
		CC2D3F63B537E17EB6D1DBCA /* Assets.xcassets in Resources */ = {isa = PBXBuildFile; fileRef = A2024D5EB14C7F7C8636146F /* Assets.xcassets */; };
		CD50C243F4FEF5EFD1192A10 /* OfflineBackgroundSession.swift in Sources */ = {isa = PBXBuildFile; fileRef = 2009C94AADC564CEDFDCBBA1 /* OfflineBackgroundSession.swift */; };
		D0E967759BE5F9E5C6F977EF /* WidgetSessionStore.swift in Sources */ = {isa = PBXBuildFile; fileRef = 11992C881D72D93D66A31C26 /* WidgetSessionStore.swift */; };
		D169809799D32294B01E0EFA /* HomeComponents.swift in Sources */ = {isa = PBXBuildFile; fileRef = A7E18E4C61681676CEEB48FB /* HomeComponents.swift */; };
		D2E9AF1F81B13855D550CD36 /* LibrarySessionCache.swift in Sources */ = {isa = PBXBuildFile; fileRef = 605518CB2119BAB570EBBC85 /* LibrarySessionCache.swift */; };
		D464FBF2CEED780B47AF67B9 /* DevicesView.swift in Sources */ = {isa = PBXBuildFile; fileRef = 3594BDD9011BA65CFB21A3CF /* DevicesView.swift */; };
		D4F4F24075A2A8A54B5B51A5 /* BockMediaRepository.swift in Sources */ = {isa = PBXBuildFile; fileRef = 6F4F856B628D25E4022B84DF /* BockMediaRepository.swift */; };
		D533A66FC6E6A47AD4433495 /* TabScreenHeader.swift in Sources */ = {isa = PBXBuildFile; fileRef = 3C3BF21B33CDE06F1BC9809F /* TabScreenHeader.swift */; };
		DB754E9C086570049E536898 /* OfflineModels.swift in Sources */ = {isa = PBXBuildFile; fileRef = E7B9A44B0939C5EB01A0E800 /* OfflineModels.swift */; };
		DC68BBFB0A58350D67612077 /* PlaylistsView.swift in Sources */ = {isa = PBXBuildFile; fileRef = 22B2FDDCEB6B6A87B067349D /* PlaylistsView.swift */; };
		DF4CBB67E9D7D3E056B3989A /* PlaybackFocus.swift in Sources */ = {isa = PBXBuildFile; fileRef = 41BBBF967EA3C54B1424D808 /* PlaybackFocus.swift */; };
		E0BBDA0C5B03276CF3DF02EA /* PinnedDevicesStore.swift in Sources */ = {isa = PBXBuildFile; fileRef = B350117AF72C140B8A579E96 /* PinnedDevicesStore.swift */; };
		E4E6F8B71D28ED5B2151720D /* PlayLauncher.swift in Sources */ = {isa = PBXBuildFile; fileRef = 33BE39A9BF46881465BFE77F /* PlayLauncher.swift */; };
		EB12655C366B9FE36ADC6B24 /* PlayDownloadActions.swift in Sources */ = {isa = PBXBuildFile; fileRef = 6759BB866471EE17B09ABE90 /* PlayDownloadActions.swift */; };
		EB128AA662F22CCF85EDFBAB /* SearchRoute.swift in Sources */ = {isa = PBXBuildFile; fileRef = 8317F9DC988C7C9E9B14698E /* SearchRoute.swift */; };
		EB2A3CBCFD2B5D5D2557A550 /* BackgroundDownloadScheduler.swift in Sources */ = {isa = PBXBuildFile; fileRef = 1B2634265C2A3BAFF4705C88 /* BackgroundDownloadScheduler.swift */; };
		F0CFE36BC8D7648C60492E7B /* AlexaAuthMonitor.swift in Sources */ = {isa = PBXBuildFile; fileRef = 7D19DEC068FD0513165A2998 /* AlexaAuthMonitor.swift */; };
		F18A5F852EE9E0EF892B2CF8 /* ServerURL.swift in Sources */ = {isa = PBXBuildFile; fileRef = 06E7ED52535397439CF8F782 /* ServerURL.swift */; };
		F1B3BCD79B81D395CDE765B3 /* OfflineDownloadNetwork.swift in Sources */ = {isa = PBXBuildFile; fileRef = 3F46C8C5260BAC8B1994EEFD /* OfflineDownloadNetwork.swift */; };
		F289A200C05A699664BFC216 /* WidgetSessionBridge.swift in Sources */ = {isa = PBXBuildFile; fileRef = F48BBCD47F5228386D4A6443 /* WidgetSessionBridge.swift */; };
		F3097D48D613AA1E49039753 /* AnalyticsView.swift in Sources */ = {isa = PBXBuildFile; fileRef = 23D589EBD3D77B9544D91D92 /* AnalyticsView.swift */; };
		F4835AC320DE3376DB24EBC6 /* BockMediaAPIClient.swift in Sources */ = {isa = PBXBuildFile; fileRef = 82202651825B73007E32E231 /* BockMediaAPIClient.swift */; };
		F55945C6AC8FABC2E4E8C8FE /* NowPlayingPollService.swift in Sources */ = {isa = PBXBuildFile; fileRef = 4F125FDDCD5887A4A06FE838 /* NowPlayingPollService.swift */; };
		F71AA7A58EA30D7016EA38E1 /* OfflineAndNetworkTests.swift in Sources */ = {isa = PBXBuildFile; fileRef = 8361ADD76AF979428D070D34 /* OfflineAndNetworkTests.swift */; };
		FA552904329B9A2EC80172CD /* KeychainStore.swift in Sources */ = {isa = PBXBuildFile; fileRef = 8D4E7E75FA02E42DBFAD55FD /* KeychainStore.swift */; };
		FC6420F566B87044822F6C0F /* LocalPlaybackQueueResolver.swift in Sources */ = {isa = PBXBuildFile; fileRef = C445AA50230748329B8B2B00 /* LocalPlaybackQueueResolver.swift */; };
/* End PBXBuildFile section */

/* Begin PBXContainerItemProxy section */
		7C41B6DD9F74762EDD175747 /* PBXContainerItemProxy */ = {
			isa = PBXContainerItemProxy;
			containerPortal = BDD46DAE0E0CE9C920C9FFD6 /* Project object */;
			proxyType = 1;
			remoteGlobalIDString = 7306BF709539B947FF4DBB6F;
			remoteInfo = BockMedia;
		};
		90AF5F2207EDE24FADC9E2CD /* PBXContainerItemProxy */ = {
			isa = PBXContainerItemProxy;
			containerPortal = BDD46DAE0E0CE9C920C9FFD6 /* Project object */;
			proxyType = 1;
			remoteGlobalIDString = 0DA8D361B5132C07B2064202;
			remoteInfo = BockMediaWidget;
		};
		E97F248B0AC53F2DFB190F25 /* PBXContainerItemProxy */ = {
			isa = PBXContainerItemProxy;
			containerPortal = BDD46DAE0E0CE9C920C9FFD6 /* Project object */;
			proxyType = 1;
			remoteGlobalIDString = 7306BF709539B947FF4DBB6F;
			remoteInfo = BockMedia;
		};
/* End PBXContainerItemProxy section */

/* Begin PBXCopyFilesBuildPhase section */
		B0A192280D67AABD5A61E04C /* Embed Foundation Extensions */ = {
			isa = PBXCopyFilesBuildPhase;
			buildActionMask = 2147483647;
			dstPath = "";
			dstSubfolderSpec = 13;
			files = (
				6362CBC65862F3059965A15A /* BockMediaWidget.appex in Embed Foundation Extensions */,
			);
			name = "Embed Foundation Extensions";
			runOnlyForDeploymentPostprocessing = 0;
		};
/* End PBXCopyFilesBuildPhase section */

/* Begin PBXFileReference section */
		0382D421535E2FB5BFAB967F /* BockMediaApp.swift */ = {isa = PBXFileReference; lastKnownFileType = sourcecode.swift; path = BockMediaApp.swift; sourceTree = "<group>"; };
		06E7ED52535397439CF8F782 /* ServerURL.swift */ = {isa = PBXFileReference; lastKnownFileType = sourcecode.swift; path = ServerURL.swift; sourceTree = "<group>"; };
		0D0B49F3C20B8CDBFB80CBC1 /* NowPlayingMerge.swift */ = {isa = PBXFileReference; lastKnownFileType = sourcecode.swift; path = NowPlayingMerge.swift; sourceTree = "<group>"; };
		0DFE79D5AF2BF02F54A08506 /* BockMediaWidget.entitlements */ = {isa = PBXFileReference; lastKnownFileType = text.plist.entitlements; path = BockMediaWidget.entitlements; sourceTree = "<group>"; };
		11992C881D72D93D66A31C26 /* WidgetSessionStore.swift */ = {isa = PBXFileReference; lastKnownFileType = sourcecode.swift; path = WidgetSessionStore.swift; sourceTree = "<group>"; };
		1265D8F12A716DFB3A9C8E6C /* RoomsView.swift */ = {isa = PBXFileReference; lastKnownFileType = sourcecode.swift; path = RoomsView.swift; sourceTree = "<group>"; };
		1291CDFA2FECFFB31CE543E5 /* OfflineDownloadIds.swift */ = {isa = PBXFileReference; lastKnownFileType = sourcecode.swift; path = OfflineDownloadIds.swift; sourceTree = "<group>"; };
		1346EDF03051012039EFE5A8 /* GenreDetailView.swift */ = {isa = PBXFileReference; lastKnownFileType = sourcecode.swift; path = GenreDetailView.swift; sourceTree = "<group>"; };
		14B23ED5A49E6A35F04D04F7 /* NowPlayingSheets.swift */ = {isa = PBXFileReference; lastKnownFileType = sourcecode.swift; path = NowPlayingSheets.swift; sourceTree = "<group>"; };
		153623DFEC6CD15DC1E7BD01 /* DownloadNotifications.swift */ = {isa = PBXFileReference; lastKnownFileType = sourcecode.swift; path = DownloadNotifications.swift; sourceTree = "<group>"; };
		157E21D1DF21A36CD192F9C2 /* RootView.swift */ = {isa = PBXFileReference; lastKnownFileType = sourcecode.swift; path = RootView.swift; sourceTree = "<group>"; };
		157E488304B98DA74883C5AB /* DrivingModeView.swift */ = {isa = PBXFileReference; lastKnownFileType = sourcecode.swift; path = DrivingModeView.swift; sourceTree = "<group>"; };
		169D6AAD275A6E60FAB127BF /* HouseholdModels.swift */ = {isa = PBXFileReference; lastKnownFileType = sourcecode.swift; path = HouseholdModels.swift; sourceTree = "<group>"; };
		17978E04E09A761DA9E24540 /* PlayTarget.swift */ = {isa = PBXFileReference; lastKnownFileType = sourcecode.swift; path = PlayTarget.swift; sourceTree = "<group>"; };
		1AB356BA54C5E5437624049B /* AuthHeaders.swift */ = {isa = PBXFileReference; lastKnownFileType = sourcecode.swift; path = AuthHeaders.swift; sourceTree = "<group>"; };
		1B2634265C2A3BAFF4705C88 /* BackgroundDownloadScheduler.swift */ = {isa = PBXFileReference; lastKnownFileType = sourcecode.swift; path = BackgroundDownloadScheduler.swift; sourceTree = "<group>"; };
		1CC695189DB77B2380B67826 /* PhonePlayback.swift */ = {isa = PBXFileReference; lastKnownFileType = sourcecode.swift; path = PhonePlayback.swift; sourceTree = "<group>"; };
		1D23E7344A8A65A0A7622357 /* BrowseViews.swift */ = {isa = PBXFileReference; lastKnownFileType = sourcecode.swift; path = BrowseViews.swift; sourceTree = "<group>"; };
		1D98381030488F554155B41C /* OfflineDownloadManager.swift */ = {isa = PBXFileReference; lastKnownFileType = sourcecode.swift; path = OfflineDownloadManager.swift; sourceTree = "<group>"; };
		1F7B58B0A76536AEE6734C2A /* LibraryView.swift */ = {isa = PBXFileReference; lastKnownFileType = sourcecode.swift; path = LibraryView.swift; sourceTree = "<group>"; };
		2009C94AADC564CEDFDCBBA1 /* OfflineBackgroundSession.swift */ = {isa = PBXFileReference; lastKnownFileType = sourcecode.swift; path = OfflineBackgroundSession.swift; sourceTree = "<group>"; };
		2053E1DD199FF4054EB5901B /* HomeFeedCache.swift */ = {isa = PBXFileReference; lastKnownFileType = sourcecode.swift; path = HomeFeedCache.swift; sourceTree = "<group>"; };
		22B2FDDCEB6B6A87B067349D /* PlaylistsView.swift */ = {isa = PBXFileReference; lastKnownFileType = sourcecode.swift; path = PlaylistsView.swift; sourceTree = "<group>"; };
		23D589EBD3D77B9544D91D92 /* AnalyticsView.swift */ = {isa = PBXFileReference; lastKnownFileType = sourcecode.swift; path = AnalyticsView.swift; sourceTree = "<group>"; };
		28D982FEEAC52C7D86351868 /* BockAPIError.swift */ = {isa = PBXFileReference; lastKnownFileType = sourcecode.swift; path = BockAPIError.swift; sourceTree = "<group>"; };
		2930336E7AD4034B6A8C238C /* BockMediaUITests.swift */ = {isa = PBXFileReference; lastKnownFileType = sourcecode.swift; path = BockMediaUITests.swift; sourceTree = "<group>"; };
		2B659FFACDAF45FD18850A02 /* Info.plist */ = {isa = PBXFileReference; lastKnownFileType = text.plist; path = Info.plist; sourceTree = "<group>"; };
		2E3DCB7FF89D2B837A7DFB01 /* SetupView.swift */ = {isa = PBXFileReference; lastKnownFileType = sourcecode.swift; path = SetupView.swift; sourceTree = "<group>"; };
		33BE39A9BF46881465BFE77F /* PlayLauncher.swift */ = {isa = PBXFileReference; lastKnownFileType = sourcecode.swift; path = PlayLauncher.swift; sourceTree = "<group>"; };
		3594BDD9011BA65CFB21A3CF /* DevicesView.swift */ = {isa = PBXFileReference; lastKnownFileType = sourcecode.swift; path = DevicesView.swift; sourceTree = "<group>"; };
		35F13A78C89F4EA3BA153996 /* HomeArtworkCache.swift */ = {isa = PBXFileReference; lastKnownFileType = sourcecode.swift; path = HomeArtworkCache.swift; sourceTree = "<group>"; };
		395F802B5904C7FC53AA0EB0 /* BuildConfig.swift */ = {isa = PBXFileReference; lastKnownFileType = sourcecode.swift; path = BuildConfig.swift; sourceTree = "<group>"; };
		3A239C86F83F0892A4CC0A64 /* ArtworkImageCache.swift */ = {isa = PBXFileReference; lastKnownFileType = sourcecode.swift; path = ArtworkImageCache.swift; sourceTree = "<group>"; };
		3C3BF21B33CDE06F1BC9809F /* TabScreenHeader.swift */ = {isa = PBXFileReference; lastKnownFileType = sourcecode.swift; path = TabScreenHeader.swift; sourceTree = "<group>"; };
		3D432AE0C29FFD8D4886088E /* NowPlayingView.swift */ = {isa = PBXFileReference; lastKnownFileType = sourcecode.swift; path = NowPlayingView.swift; sourceTree = "<group>"; };
		3D7E65B1AA068F611B8CE043 /* ApiDtos.swift */ = {isa = PBXFileReference; lastKnownFileType = sourcecode.swift; path = ApiDtos.swift; sourceTree = "<group>"; };
		3EF100E42DE56D32E6E1FF9F /* HomeTileEngagement.swift */ = {isa = PBXFileReference; lastKnownFileType = sourcecode.swift; path = HomeTileEngagement.swift; sourceTree = "<group>"; };
		3F46C8C5260BAC8B1994EEFD /* OfflineDownloadNetwork.swift */ = {isa = PBXFileReference; lastKnownFileType = sourcecode.swift; path = OfflineDownloadNetwork.swift; sourceTree = "<group>"; };
		41BBBF967EA3C54B1424D808 /* PlaybackFocus.swift */ = {isa = PBXFileReference; lastKnownFileType = sourcecode.swift; path = PlaybackFocus.swift; sourceTree = "<group>"; };
		44084AB7BFECCB2A0AE8DD58 /* ManagePlaylistsView.swift */ = {isa = PBXFileReference; lastKnownFileType = sourcecode.swift; path = ManagePlaylistsView.swift; sourceTree = "<group>"; };
		440B43D367F0EAA81B7D41F2 /* HomeCardRow.swift */ = {isa = PBXFileReference; lastKnownFileType = sourcecode.swift; path = HomeCardRow.swift; sourceTree = "<group>"; };
		4465FBF1515BEBB133A583F0 /* AppPreferences.swift */ = {isa = PBXFileReference; lastKnownFileType = sourcecode.swift; path = AppPreferences.swift; sourceTree = "<group>"; };
		471842A0561F0BA4C99AE950 /* LibraryLoader.swift */ = {isa = PBXFileReference; lastKnownFileType = sourcecode.swift; path = LibraryLoader.swift; sourceTree = "<group>"; };
		4A6D4FC26B8175D8DEB33332 /* DeepLink.swift */ = {isa = PBXFileReference; lastKnownFileType = sourcecode.swift; path = DeepLink.swift; sourceTree = "<group>"; };
		4F125FDDCD5887A4A06FE838 /* NowPlayingPollService.swift */ = {isa = PBXFileReference; lastKnownFileType = sourcecode.swift; path = NowPlayingPollService.swift; sourceTree = "<group>"; };
		4F3996406D4CFD64F14974CB /* HomeMoodSections.swift */ = {isa = PBXFileReference; lastKnownFileType = sourcecode.swift; path = HomeMoodSections.swift; sourceTree = "<group>"; };
		507524D9DC1D15458C956978 /* RecentRequestsView.swift */ = {isa = PBXFileReference; lastKnownFileType = sourcecode.swift; path = RecentRequestsView.swift; sourceTree = "<group>"; };
		5412ABEB39FE2F1F122A1282 /* LibraryRoute.swift */ = {isa = PBXFileReference; lastKnownFileType = sourcecode.swift; path = LibraryRoute.swift; sourceTree = "<group>"; };
		57B51F1C9BF51FC30010B8D6 /* AppDelegate.swift */ = {isa = PBXFileReference; lastKnownFileType = sourcecode.swift; path = AppDelegate.swift; sourceTree = "<group>"; };
		595E937446C82C1205C92B70 /* Info.plist */ = {isa = PBXFileReference; lastKnownFileType = text.plist; path = Info.plist; sourceTree = "<group>"; };
		5AD2FF87B597A96823A1B63F /* AddToPlaylistSheet.swift */ = {isa = PBXFileReference; lastKnownFileType = sourcecode.swift; path = AddToPlaylistSheet.swift; sourceTree = "<group>"; };
		5DFE0CAC9A298D8B7AD38E18 /* DeviceAnalyticsReporter.swift */ = {isa = PBXFileReference; lastKnownFileType = sourcecode.swift; path = DeviceAnalyticsReporter.swift; sourceTree = "<group>"; };
		605518CB2119BAB570EBBC85 /* LibrarySessionCache.swift */ = {isa = PBXFileReference; lastKnownFileType = sourcecode.swift; path = LibrarySessionCache.swift; sourceTree = "<group>"; };
		6759BB866471EE17B09ABE90 /* PlayDownloadActions.swift */ = {isa = PBXFileReference; lastKnownFileType = sourcecode.swift; path = PlayDownloadActions.swift; sourceTree = "<group>"; };
		6BE03322B94FC96A776A3088 /* ModelsTests.swift */ = {isa = PBXFileReference; lastKnownFileType = sourcecode.swift; path = ModelsTests.swift; sourceTree = "<group>"; };
		6DBDD374F4877D6CC4561FE0 /* BockMedia.app */ = {isa = PBXFileReference; includeInIndex = 0; lastKnownFileType = wrapper.application; path = BockMedia.app; sourceTree = BUILT_PRODUCTS_DIR; };
		6F4F856B628D25E4022B84DF /* BockMediaRepository.swift */ = {isa = PBXFileReference; lastKnownFileType = sourcecode.swift; path = BockMediaRepository.swift; sourceTree = "<group>"; };
		75918F862E43119489B5FAC3 /* DevicePickerSheet.swift */ = {isa = PBXFileReference; lastKnownFileType = sourcecode.swift; path = DevicePickerSheet.swift; sourceTree = "<group>"; };
		76E53B4806CEB1BEA12CA197 /* HomeView.swift */ = {isa = PBXFileReference; lastKnownFileType = sourcecode.swift; path = HomeView.swift; sourceTree = "<group>"; };
		77BAC2CC9D3D1CB08D3A8DAA /* NowPlayingHelpers.swift */ = {isa = PBXFileReference; lastKnownFileType = sourcecode.swift; path = NowPlayingHelpers.swift; sourceTree = "<group>"; };
		78577EDBE2D82E9ABC1F35D9 /* SearchBrowse.swift */ = {isa = PBXFileReference; lastKnownFileType = sourcecode.swift; path = SearchBrowse.swift; sourceTree = "<group>"; };
		786FF517895129D45B2F5285 /* LocalPlaybackController.swift */ = {isa = PBXFileReference; lastKnownFileType = sourcecode.swift; path = LocalPlaybackController.swift; sourceTree = "<group>"; };
		7D19DEC068FD0513165A2998 /* AlexaAuthMonitor.swift */ = {isa = PBXFileReference; lastKnownFileType = sourcecode.swift; path = AlexaAuthMonitor.swift; sourceTree = "<group>"; };
		7E6FE8FBF84701EB0A867015 /* AutomationFormSheet.swift */ = {isa = PBXFileReference; lastKnownFileType = sourcecode.swift; path = AutomationFormSheet.swift; sourceTree = "<group>"; };
		7ED17398AC3EEF37ED51E26B /* BockMedia.entitlements */ = {isa = PBXFileReference; lastKnownFileType = text.plist.entitlements; path = BockMedia.entitlements; sourceTree = "<group>"; };
		7FC852CD46A080C980D30EE8 /* ClientIdStore.swift */ = {isa = PBXFileReference; lastKnownFileType = sourcecode.swift; path = ClientIdStore.swift; sourceTree = "<group>"; };
		82202651825B73007E32E231 /* BockMediaAPIClient.swift */ = {isa = PBXFileReference; lastKnownFileType = sourcecode.swift; path = BockMediaAPIClient.swift; sourceTree = "<group>"; };
		8317F9DC988C7C9E9B14698E /* SearchRoute.swift */ = {isa = PBXFileReference; lastKnownFileType = sourcecode.swift; path = SearchRoute.swift; sourceTree = "<group>"; };
		8361ADD76AF979428D070D34 /* OfflineAndNetworkTests.swift */ = {isa = PBXFileReference; lastKnownFileType = sourcecode.swift; path = OfflineAndNetworkTests.swift; sourceTree = "<group>"; };
		85BB314B6D62FD8D1ADDCF53 /* WidgetSnapshotLogicTests.swift */ = {isa = PBXFileReference; lastKnownFileType = sourcecode.swift; path = WidgetSnapshotLogicTests.swift; sourceTree = "<group>"; };
		87EDE0AB484433FE63E02135 /* MainTabView.swift */ = {isa = PBXFileReference; lastKnownFileType = sourcecode.swift; path = MainTabView.swift; sourceTree = "<group>"; };
		8AF0681BB0768DB0E4BA8C22 /* AppState.swift */ = {isa = PBXFileReference; lastKnownFileType = sourcecode.swift; path = AppState.swift; sourceTree = "<group>"; };
		8AFAFC94569A11F169B10845 /* SearchSongFilter.swift */ = {isa = PBXFileReference; lastKnownFileType = sourcecode.swift; path = SearchSongFilter.swift; sourceTree = "<group>"; };
		8D4E7E75FA02E42DBFAD55FD /* KeychainStore.swift */ = {isa = PBXFileReference; lastKnownFileType = sourcecode.swift; path = KeychainStore.swift; sourceTree = "<group>"; };
		8E07940951ACE9B4ED9A431B /* BockArtwork.swift */ = {isa = PBXFileReference; lastKnownFileType = sourcecode.swift; path = BockArtwork.swift; sourceTree = "<group>"; };
		9021A8F95EB1F4C1560874D7 /* HomeThemeCatalog.swift */ = {isa = PBXFileReference; lastKnownFileType = sourcecode.swift; path = HomeThemeCatalog.swift; sourceTree = "<group>"; };
		94008296AE9F80161ABA3F67 /* CarPlayCoordinator.swift */ = {isa = PBXFileReference; lastKnownFileType = sourcecode.swift; path = CarPlayCoordinator.swift; sourceTree = "<group>"; };
		950FD3DD7882DEBB571034B9 /* BockIcons.swift */ = {isa = PBXFileReference; lastKnownFileType = sourcecode.swift; path = BockIcons.swift; sourceTree = "<group>"; };
		96362ADD92194C75B849D696 /* BockMediaWidget.swift */ = {isa = PBXFileReference; lastKnownFileType = sourcecode.swift; path = BockMediaWidget.swift; sourceTree = "<group>"; };
		97131B61B8BC195873132B4C /* SettingsView.swift */ = {isa = PBXFileReference; lastKnownFileType = sourcecode.swift; path = SettingsView.swift; sourceTree = "<group>"; };
		A2024D5EB14C7F7C8636146F /* Assets.xcassets */ = {isa = PBXFileReference; lastKnownFileType = folder.assetcatalog; path = Assets.xcassets; sourceTree = "<group>"; };
		A46810579B885E5CE81C9693 /* SplashView.swift */ = {isa = PBXFileReference; lastKnownFileType = sourcecode.swift; path = SplashView.swift; sourceTree = "<group>"; };
		A57FDCB7F6BDBECBB7AFCCFA /* HomeFeed.swift */ = {isa = PBXFileReference; lastKnownFileType = sourcecode.swift; path = HomeFeed.swift; sourceTree = "<group>"; };
		A710AD21896747BE31EE7B2F /* HomeArtwork.swift */ = {isa = PBXFileReference; lastKnownFileType = sourcecode.swift; path = HomeArtwork.swift; sourceTree = "<group>"; };
		A7E18E4C61681676CEEB48FB /* HomeComponents.swift */ = {isa = PBXFileReference; lastKnownFileType = sourcecode.swift; path = HomeComponents.swift; sourceTree = "<group>"; };
		A8765ECD4B264BB438A2AAC5 /* HomeCachePersistence.swift */ = {isa = PBXFileReference; lastKnownFileType = sourcecode.swift; path = HomeCachePersistence.swift; sourceTree = "<group>"; };
		A87D8297AB66C44EDDE32C1F /* BockTheme.swift */ = {isa = PBXFileReference; lastKnownFileType = sourcecode.swift; path = BockTheme.swift; sourceTree = "<group>"; };
		A9B253A49D2E2447BEB1021C /* AboutView.swift */ = {isa = PBXFileReference; lastKnownFileType = sourcecode.swift; path = AboutView.swift; sourceTree = "<group>"; };
		A9C1E147FD04D856340161E8 /* BockMediaTests.xctest */ = {isa = PBXFileReference; includeInIndex = 0; lastKnownFileType = wrapper.cfbundle; path = BockMediaTests.xctest; sourceTree = BUILT_PRODUCTS_DIR; };
		AED4F166716568AA33D9A26C /* PlaylistAdminSheets.swift */ = {isa = PBXFileReference; lastKnownFileType = sourcecode.swift; path = PlaylistAdminSheets.swift; sourceTree = "<group>"; };
		B1BB23134EA00E9114374375 /* HomeFeedComposer.swift */ = {isa = PBXFileReference; lastKnownFileType = sourcecode.swift; path = HomeFeedComposer.swift; sourceTree = "<group>"; };
		B350117AF72C140B8A579E96 /* PinnedDevicesStore.swift */ = {isa = PBXFileReference; lastKnownFileType = sourcecode.swift; path = PinnedDevicesStore.swift; sourceTree = "<group>"; };
		B4472AE1220E8E2D3D4902EF /* AutomationsView.swift */ = {isa = PBXFileReference; lastKnownFileType = sourcecode.swift; path = AutomationsView.swift; sourceTree = "<group>"; };
		C26412D32A0C089B5876DD34 /* DownloadsView.swift */ = {isa = PBXFileReference; lastKnownFileType = sourcecode.swift; path = DownloadsView.swift; sourceTree = "<group>"; };
		C445AA50230748329B8B2B00 /* LocalPlaybackQueueResolver.swift */ = {isa = PBXFileReference; lastKnownFileType = sourcecode.swift; path = LocalPlaybackQueueResolver.swift; sourceTree = "<group>"; };
		C463BB2CBC85DDC1541AD79D /* ServerEndpointResolver.swift */ = {isa = PBXFileReference; lastKnownFileType = sourcecode.swift; path = ServerEndpointResolver.swift; sourceTree = "<group>"; };
		C51FFAC3FD71ACC30A5AF4C8 /* SearchHistoryStore.swift */ = {isa = PBXFileReference; lastKnownFileType = sourcecode.swift; path = SearchHistoryStore.swift; sourceTree = "<group>"; };
		C521D7CA6741A9BDC79827C1 /* HomeFeedRules.swift */ = {isa = PBXFileReference; lastKnownFileType = sourcecode.swift; path = HomeFeedRules.swift; sourceTree = "<group>"; };
		C52F69774C7ECCBEF39BBA50 /* HomeFeedComposerGoldenTests.swift */ = {isa = PBXFileReference; lastKnownFileType = sourcecode.swift; path = HomeFeedComposerGoldenTests.swift; sourceTree = "<group>"; };
		C98C505AD646785DA2F4AC4E /* LibraryCachePersistence.swift */ = {isa = PBXFileReference; lastKnownFileType = sourcecode.swift; path = LibraryCachePersistence.swift; sourceTree = "<group>"; };
		CD6FC0E93762FEE687CB04FC /* OfflineDownloadStore.swift */ = {isa = PBXFileReference; lastKnownFileType = sourcecode.swift; path = OfflineDownloadStore.swift; sourceTree = "<group>"; };
		D6ABF2C613FF9A98DF68B8F2 /* RoutinesView.swift */ = {isa = PBXFileReference; lastKnownFileType = sourcecode.swift; path = RoutinesView.swift; sourceTree = "<group>"; };
		DC0D237A112655DA070EA5DF /* AccountMenu.swift */ = {isa = PBXFileReference; lastKnownFileType = sourcecode.swift; path = AccountMenu.swift; sourceTree = "<group>"; };
		DF1E23A83A2CC639B5F614D9 /* DiscoveryActions.swift */ = {isa = PBXFileReference; lastKnownFileType = sourcecode.swift; path = DiscoveryActions.swift; sourceTree = "<group>"; };
		E1F7505D9C6167DAD06785A2 /* BockLoadingLogo.swift */ = {isa = PBXFileReference; lastKnownFileType = sourcecode.swift; path = BockLoadingLogo.swift; sourceTree = "<group>"; };
		E344D558F3E0FA5C1ED8229E /* Models.swift */ = {isa = PBXFileReference; lastKnownFileType = sourcecode.swift; path = Models.swift; sourceTree = "<group>"; };
		E514FBE1F6D9A650C4BFB65F /* DeviceCatalog.swift */ = {isa = PBXFileReference; lastKnownFileType = sourcecode.swift; path = DeviceCatalog.swift; sourceTree = "<group>"; };
		E7B9A44B0939C5EB01A0E800 /* OfflineModels.swift */ = {isa = PBXFileReference; lastKnownFileType = sourcecode.swift; path = OfflineModels.swift; sourceTree = "<group>"; };
		E7E5019CF471B241196ADC3A /* RoomPolicySheet.swift */ = {isa = PBXFileReference; lastKnownFileType = sourcecode.swift; path = RoomPolicySheet.swift; sourceTree = "<group>"; };
		ECF320A44437BE47245A27CF /* WidgetControlQueue.swift */ = {isa = PBXFileReference; lastKnownFileType = sourcecode.swift; path = WidgetControlQueue.swift; sourceTree = "<group>"; };
		EDB8248C1A3358AA2376853C /* BockMediaUITests.xctest */ = {isa = PBXFileReference; includeInIndex = 0; lastKnownFileType = wrapper.cfbundle; path = BockMediaUITests.xctest; sourceTree = BUILT_PRODUCTS_DIR; };
		F125F548E1A29B395A461226 /* JSONCoding.swift */ = {isa = PBXFileReference; lastKnownFileType = sourcecode.swift; path = JSONCoding.swift; sourceTree = "<group>"; };
		F48BBCD47F5228386D4A6443 /* WidgetSessionBridge.swift */ = {isa = PBXFileReference; lastKnownFileType = sourcecode.swift; path = WidgetSessionBridge.swift; sourceTree = "<group>"; };
		F4DBDC562D4072CA85EE50F7 /* FamilyView.swift */ = {isa = PBXFileReference; lastKnownFileType = sourcecode.swift; path = FamilyView.swift; sourceTree = "<group>"; };
		F648A63024E078481F591C6D /* SearchView.swift */ = {isa = PBXFileReference; lastKnownFileType = sourcecode.swift; path = SearchView.swift; sourceTree = "<group>"; };
		F67D39DB21B98C2A81872EC6 /* MiniNowPlayingBar.swift */ = {isa = PBXFileReference; lastKnownFileType = sourcecode.swift; path = MiniNowPlayingBar.swift; sourceTree = "<group>"; };
		F770544B548EE417CE6A9931 /* HomeLoadCoordinator.swift */ = {isa = PBXFileReference; lastKnownFileType = sourcecode.swift; path = HomeLoadCoordinator.swift; sourceTree = "<group>"; };
		F80B7AF5FF5042D2B666FD49 /* BockMediaWidget.appex */ = {isa = PBXFileReference; includeInIndex = 0; lastKnownFileType = "wrapper.app-extension"; path = BockMediaWidget.appex; sourceTree = BUILT_PRODUCTS_DIR; };
		F9F3EB64BBFDF50AB66DD520 /* FavoritesView.swift */ = {isa = PBXFileReference; lastKnownFileType = sourcecode.swift; path = FavoritesView.swift; sourceTree = "<group>"; };
		FFCDF62A3F48ABAEDE57003F /* WidgetSnapshotLogic.swift */ = {isa = PBXFileReference; lastKnownFileType = sourcecode.swift; path = WidgetSnapshotLogic.swift; sourceTree = "<group>"; };
		"TEMP_5BFCEAB9-6855-4166-9DC5-B9FDFF2C4ADA" /* Config.xcconfig */ = {isa = PBXFileReference; lastKnownFileType = text.xcconfig; path = Config.xcconfig; sourceTree = "<group>"; };
/* End PBXFileReference section */

/* Begin PBXGroup section */
		0113ADBEB0F4927DB666D73A /* Navigation */ = {
			isa = PBXGroup;
			children = (
				4A6D4FC26B8175D8DEB33332 /* DeepLink.swift */,
				5412ABEB39FE2F1F122A1282 /* LibraryRoute.swift */,
				8317F9DC988C7C9E9B14698E /* SearchRoute.swift */,
			);
			path = Navigation;
			sourceTree = "<group>";
		};
		0775F63ADCE9B08D02466B01 /* Rooms */ = {
			isa = PBXGroup;
			children = (
				1265D8F12A716DFB3A9C8E6C /* RoomsView.swift */,
			);
			path = Rooms;
			sourceTree = "<group>";
		};
		12A46FF8E5C79D697CF76CFC /* BockMediaWidget */ = {
			isa = PBXGroup;
			children = (
				0DFE79D5AF2BF02F54A08506 /* BockMediaWidget.entitlements */,
				96362ADD92194C75B849D696 /* BockMediaWidget.swift */,
				595E937446C82C1205C92B70 /* Info.plist */,
			);
			path = BockMediaWidget;
			sourceTree = "<group>";
		};
		1372282320EA714E32553C73 /* Products */ = {
			isa = PBXGroup;
			children = (
				6DBDD374F4877D6CC4561FE0 /* BockMedia.app */,
				A9C1E147FD04D856340161E8 /* BockMediaTests.xctest */,
				EDB8248C1A3358AA2376853C /* BockMediaUITests.xctest */,
				F80B7AF5FF5042D2B666FD49 /* BockMediaWidget.appex */,
			);
			name = Products;
			sourceTree = "<group>";
		};
		1574C3659BC5D6B6FE449A58 /* NowPlaying */ = {
			isa = PBXGroup;
			children = (
				14B23ED5A49E6A35F04D04F7 /* NowPlayingSheets.swift */,
				3D432AE0C29FFD8D4886088E /* NowPlayingView.swift */,
			);
			path = NowPlaying;
			sourceTree = "<group>";
		};
		15EFA8FFDDBCE65F21D7AD7C /* About */ = {
			isa = PBXGroup;
			children = (
				A9B253A49D2E2447BEB1021C /* AboutView.swift */,
			);
			path = About;
			sourceTree = "<group>";
		};
		1F8B5E64AC0BC851320CE1E7 /* Auth */ = {
			isa = PBXGroup;
			children = (
				1AB356BA54C5E5437624049B /* AuthHeaders.swift */,
			);
			path = Auth;
			sourceTree = "<group>";
		};
		23E017DD7EC6029497C86284 /* Local */ = {
			isa = PBXGroup;
			children = (
				4465FBF1515BEBB133A583F0 /* AppPreferences.swift */,
				7FC852CD46A080C980D30EE8 /* ClientIdStore.swift */,
				8D4E7E75FA02E42DBFAD55FD /* KeychainStore.swift */,
				B350117AF72C140B8A579E96 /* PinnedDevicesStore.swift */,
				C51FFAC3FD71ACC30A5AF4C8 /* SearchHistoryStore.swift */,
			);
			path = Local;
			sourceTree = "<group>";
		};
		28396BD5D1C7B16A7C438E5A = {
			isa = PBXGroup;
			children = (
				6C6ED157C3C0486984A058EA /* BockMedia */,
				DBFBD13A6264C4FA40DAFE29 /* BockMediaTests */,
				2C3DB5598532456BF46D2C47 /* BockMediaUITests */,
				12A46FF8E5C79D697CF76CFC /* BockMediaWidget */,
				1372282320EA714E32553C73 /* Products */,
			);
			sourceTree = "<group>";
		};
		2A810FC8CAF81B9AAE6C6EB0 /* Config */ = {
			isa = PBXGroup;
			children = (
				395F802B5904C7FC53AA0EB0 /* BuildConfig.swift */,
			);
			path = Config;
			sourceTree = "<group>";
		};
		2C3DB5598532456BF46D2C47 /* BockMediaUITests */ = {
			isa = PBXGroup;
			children = (
				2930336E7AD4034B6A8C238C /* BockMediaUITests.swift */,
			);
			path = BockMediaUITests;
			sourceTree = "<group>";
		};
		3F138C53F2E85415DF916D8A /* Components */ = {
			isa = PBXGroup;
			children = (
				DC0D237A112655DA070EA5DF /* AccountMenu.swift */,
				5AD2FF87B597A96823A1B63F /* AddToPlaylistSheet.swift */,
				7D19DEC068FD0513165A2998 /* AlexaAuthMonitor.swift */,
				8E07940951ACE9B4ED9A431B /* BockArtwork.swift */,
				E1F7505D9C6167DAD06785A2 /* BockLoadingLogo.swift */,
				440B43D367F0EAA81B7D41F2 /* HomeCardRow.swift */,
				A7E18E4C61681676CEEB48FB /* HomeComponents.swift */,
				F67D39DB21B98C2A81872EC6 /* MiniNowPlayingBar.swift */,
				6759BB866471EE17B09ABE90 /* PlayDownloadActions.swift */,
				A46810579B885E5CE81C9693 /* SplashView.swift */,
				3C3BF21B33CDE06F1BC9809F /* TabScreenHeader.swift */,
			);
			path = Components;
			sourceTree = "<group>";
		};
		44783F4BE8AF54B3CE3F961B /* Driving */ = {
			isa = PBXGroup;
			children = (
				94008296AE9F80161ABA3F67 /* CarPlayCoordinator.swift */,
				157E488304B98DA74883C5AB /* DrivingModeView.swift */,
			);
			path = Driving;
			sourceTree = "<group>";
		};
		5442A87EC9309DC5F8B667CD /* Automations */ = {
			isa = PBXGroup;
			children = (
				7E6FE8FBF84701EB0A867015 /* AutomationFormSheet.swift */,
				B4472AE1220E8E2D3D4902EF /* AutomationsView.swift */,
			);
			path = Automations;
			sourceTree = "<group>";
		};
		63566E010206FDFC4D470542 /* Home */ = {
			isa = PBXGroup;
			children = (
				76E53B4806CEB1BEA12CA197 /* HomeView.swift */,
			);
			path = Home;
			sourceTree = "<group>";
		};
		6570E94A2774181B46D3B38F /* Routines */ = {
			isa = PBXGroup;
			children = (
				D6ABF2C613FF9A98DF68B8F2 /* RoutinesView.swift */,
			);
			path = Routines;
			sourceTree = "<group>";
		};
		659193DE049D2F09FF1816B9 /* Resources */ = {
			isa = PBXGroup;
			children = (
				A2024D5EB14C7F7C8636146F /* Assets.xcassets */,
			);
			path = Resources;
			sourceTree = "<group>";
		};
		6C25FE79A5510C471E358D34 /* Network */ = {
			isa = PBXGroup;
			children = (
				3A239C86F83F0892A4CC0A64 /* ArtworkImageCache.swift */,
				C463BB2CBC85DDC1541AD79D /* ServerEndpointResolver.swift */,
				06E7ED52535397439CF8F782 /* ServerURL.swift */,
			);
			path = Network;
			sourceTree = "<group>";
		};
		6C6ED157C3C0486984A058EA /* BockMedia */ = {
			isa = PBXGroup;
			children = (
				FC32D6B4D3AB443B44CFF26C /* App */,
				2A810FC8CAF81B9AAE6C6EB0 /* Config */,
				89A308A507540C1ADAE35432 /* Data */,
				E132208B8CCF7C3EFBFE6795 /* Domain */,
				A747E665903BB3D741DABA5B /* Features */,
				817548E63DFE9058D5B1CD2D /* Media */,
				0113ADBEB0F4927DB666D73A /* Navigation */,
				8297223D4B617081F7C84E75 /* Offline */,
				659193DE049D2F09FF1816B9 /* Resources */,
				9E5285D2D2FDEE1F1B110722 /* UI */,
				F4CB9C8D73C70DB6DAC065E0 /* Widget */,
				7ED17398AC3EEF37ED51E26B /* BockMedia.entitlements */,
				2B659FFACDAF45FD18850A02 /* Info.plist */,
			);
			path = BockMedia;
			sourceTree = "<group>";
		};
		7948D037E3BDE2F25528F972 /* Analytics */ = {
			isa = PBXGroup;
			children = (
				5DFE0CAC9A298D8B7AD38E18 /* DeviceAnalyticsReporter.swift */,
			);
			path = Analytics;
			sourceTree = "<group>";
		};
		7D80BAD8971A808AF63B0986 /* Play */ = {
			isa = PBXGroup;
			children = (
				75918F862E43119489B5FAC3 /* DevicePickerSheet.swift */,
				33BE39A9BF46881465BFE77F /* PlayLauncher.swift */,
			);
			path = Play;
			sourceTree = "<group>";
		};
		817548E63DFE9058D5B1CD2D /* Media */ = {
			isa = PBXGroup;
			children = (
				786FF517895129D45B2F5285 /* LocalPlaybackController.swift */,
				C445AA50230748329B8B2B00 /* LocalPlaybackQueueResolver.swift */,
				4F125FDDCD5887A4A06FE838 /* NowPlayingPollService.swift */,
			);
			path = Media;
			sourceTree = "<group>";
		};
		8297223D4B617081F7C84E75 /* Offline */ = {
			isa = PBXGroup;
			children = (
				1B2634265C2A3BAFF4705C88 /* BackgroundDownloadScheduler.swift */,
				153623DFEC6CD15DC1E7BD01 /* DownloadNotifications.swift */,
				2009C94AADC564CEDFDCBBA1 /* OfflineBackgroundSession.swift */,
				1291CDFA2FECFFB31CE543E5 /* OfflineDownloadIds.swift */,
				1D98381030488F554155B41C /* OfflineDownloadManager.swift */,
				3F46C8C5260BAC8B1994EEFD /* OfflineDownloadNetwork.swift */,
				CD6FC0E93762FEE687CB04FC /* OfflineDownloadStore.swift */,
				E7B9A44B0939C5EB01A0E800 /* OfflineModels.swift */,
			);
			path = Offline;
			sourceTree = "<group>";
		};
		83614EEA151BA694F3CEB609 /* Devices */ = {
			isa = PBXGroup;
			children = (
				3594BDD9011BA65CFB21A3CF /* DevicesView.swift */,
			);
			path = Devices;
			sourceTree = "<group>";
		};
		892AA5A1AFD409EC87C29B6F /* Setup */ = {
			isa = PBXGroup;
			children = (
				2E3DCB7FF89D2B837A7DFB01 /* SetupView.swift */,
			);
			path = Setup;
			sourceTree = "<group>";
		};
		89A308A507540C1ADAE35432 /* Data */ = {
			isa = PBXGroup;
			children = (
				7948D037E3BDE2F25528F972 /* Analytics */,
				BCB44600ACA4B7D02FA35C8D /* API */,
				1F8B5E64AC0BC851320CE1E7 /* Auth */,
				23E017DD7EC6029497C86284 /* Local */,
				6C25FE79A5510C471E358D34 /* Network */,
				F4981235F489998C357D9210 /* Repository */,
			);
			path = Data;
			sourceTree = "<group>";
		};
		94F91F791C4604511A51E7F1 /* Recent */ = {
			isa = PBXGroup;
			children = (
				507524D9DC1D15458C956978 /* RecentRequestsView.swift */,
			);
			path = Recent;
			sourceTree = "<group>";
		};
		955C1E8CE5F05EC2E2A15606 /* Search */ = {
			isa = PBXGroup;
			children = (
				1346EDF03051012039EFE5A8 /* GenreDetailView.swift */,
				F648A63024E078481F591C6D /* SearchView.swift */,
			);
			path = Search;
			sourceTree = "<group>";
		};
		96E5514D3BA59794D0255E77 /* Theme */ = {
			isa = PBXGroup;
			children = (
				950FD3DD7882DEBB571034B9 /* BockIcons.swift */,
				A87D8297AB66C44EDDE32C1F /* BockTheme.swift */,
			);
			path = Theme;
			sourceTree = "<group>";
		};
		99658D18BBA9C9097CBED7A6 /* Settings */ = {
			isa = PBXGroup;
			children = (
				97131B61B8BC195873132B4C /* SettingsView.swift */,
			);
			path = Settings;
			sourceTree = "<group>";
		};
		9E5285D2D2FDEE1F1B110722 /* UI */ = {
			isa = PBXGroup;
			children = (
				3F138C53F2E85415DF916D8A /* Components */,
				96E5514D3BA59794D0255E77 /* Theme */,
			);
			path = UI;
			sourceTree = "<group>";
		};
		A747E665903BB3D741DABA5B /* Features */ = {
			isa = PBXGroup;
			children = (
				15EFA8FFDDBCE65F21D7AD7C /* About */,
				D50FEB089B50BBF1E25BFC7A /* Analytics */,
				5442A87EC9309DC5F8B667CD /* Automations */,
				83614EEA151BA694F3CEB609 /* Devices */,
				C8CFBE274D26B8122F413ADD /* Discovery */,
				F6AF948913D036668DE8E39B /* Downloads */,
				44783F4BE8AF54B3CE3F961B /* Driving */,
				F8624A7BDEFE07E6D0D52941 /* Family */,
				63566E010206FDFC4D470542 /* Home */,
				F2A2D47D1EE4EADFB1F4E991 /* Library */,
				1574C3659BC5D6B6FE449A58 /* NowPlaying */,
				7D80BAD8971A808AF63B0986 /* Play */,
				EF87F1AC1CF14C793A19C9AF /* Playlists */,
				94F91F791C4604511A51E7F1 /* Recent */,
				0775F63ADCE9B08D02466B01 /* Rooms */,
				6570E94A2774181B46D3B38F /* Routines */,
				955C1E8CE5F05EC2E2A15606 /* Search */,
				99658D18BBA9C9097CBED7A6 /* Settings */,
				892AA5A1AFD409EC87C29B6F /* Setup */,
			);
			path = Features;
			sourceTree = "<group>";
		};
		BCB44600ACA4B7D02FA35C8D /* API */ = {
			isa = PBXGroup;
			children = (
				3D7E65B1AA068F611B8CE043 /* ApiDtos.swift */,
				28D982FEEAC52C7D86351868 /* BockAPIError.swift */,
				82202651825B73007E32E231 /* BockMediaAPIClient.swift */,
				F125F548E1A29B395A461226 /* JSONCoding.swift */,
			);
			path = API;
			sourceTree = "<group>";
		};
		C8CFBE274D26B8122F413ADD /* Discovery */ = {
			isa = PBXGroup;
			children = (
				DF1E23A83A2CC639B5F614D9 /* DiscoveryActions.swift */,
			);
			path = Discovery;
			sourceTree = "<group>";
		};
		D50FEB089B50BBF1E25BFC7A /* Analytics */ = {
			isa = PBXGroup;
			children = (
				23D589EBD3D77B9544D91D92 /* AnalyticsView.swift */,
			);
			path = Analytics;
			sourceTree = "<group>";
		};
		DBFBD13A6264C4FA40DAFE29 /* BockMediaTests */ = {
			isa = PBXGroup;
			children = (
				C52F69774C7ECCBEF39BBA50 /* HomeFeedComposerGoldenTests.swift */,
				6BE03322B94FC96A776A3088 /* ModelsTests.swift */,
				8361ADD76AF979428D070D34 /* OfflineAndNetworkTests.swift */,
				85BB314B6D62FD8D1ADDCF53 /* WidgetSnapshotLogicTests.swift */,
			);
			path = BockMediaTests;
			sourceTree = "<group>";
		};
		E132208B8CCF7C3EFBFE6795 /* Domain */ = {
			isa = PBXGroup;
			children = (
				E514FBE1F6D9A650C4BFB65F /* DeviceCatalog.swift */,
				A710AD21896747BE31EE7B2F /* HomeArtwork.swift */,
				35F13A78C89F4EA3BA153996 /* HomeArtworkCache.swift */,
				A8765ECD4B264BB438A2AAC5 /* HomeCachePersistence.swift */,
				A57FDCB7F6BDBECBB7AFCCFA /* HomeFeed.swift */,
				2053E1DD199FF4054EB5901B /* HomeFeedCache.swift */,
				B1BB23134EA00E9114374375 /* HomeFeedComposer.swift */,
				C521D7CA6741A9BDC79827C1 /* HomeFeedRules.swift */,
				F770544B548EE417CE6A9931 /* HomeLoadCoordinator.swift */,
				4F3996406D4CFD64F14974CB /* HomeMoodSections.swift */,
				9021A8F95EB1F4C1560874D7 /* HomeThemeCatalog.swift */,
				3EF100E42DE56D32E6E1FF9F /* HomeTileEngagement.swift */,
				169D6AAD275A6E60FAB127BF /* HouseholdModels.swift */,
				C98C505AD646785DA2F4AC4E /* LibraryCachePersistence.swift */,
				471842A0561F0BA4C99AE950 /* LibraryLoader.swift */,
				605518CB2119BAB570EBBC85 /* LibrarySessionCache.swift */,
				E344D558F3E0FA5C1ED8229E /* Models.swift */,
				77BAC2CC9D3D1CB08D3A8DAA /* NowPlayingHelpers.swift */,
				0D0B49F3C20B8CDBFB80CBC1 /* NowPlayingMerge.swift */,
				1CC695189DB77B2380B67826 /* PhonePlayback.swift */,
				41BBBF967EA3C54B1424D808 /* PlaybackFocus.swift */,
				17978E04E09A761DA9E24540 /* PlayTarget.swift */,
				78577EDBE2D82E9ABC1F35D9 /* SearchBrowse.swift */,
				8AFAFC94569A11F169B10845 /* SearchSongFilter.swift */,
			);
			path = Domain;
			sourceTree = "<group>";
		};
		EF87F1AC1CF14C793A19C9AF /* Playlists */ = {
			isa = PBXGroup;
			children = (
				44084AB7BFECCB2A0AE8DD58 /* ManagePlaylistsView.swift */,
				AED4F166716568AA33D9A26C /* PlaylistAdminSheets.swift */,
			);
			path = Playlists;
			sourceTree = "<group>";
		};
		F2A2D47D1EE4EADFB1F4E991 /* Library */ = {
			isa = PBXGroup;
			children = (
				1D23E7344A8A65A0A7622357 /* BrowseViews.swift */,
				F9F3EB64BBFDF50AB66DD520 /* FavoritesView.swift */,
				1F7B58B0A76536AEE6734C2A /* LibraryView.swift */,
				22B2FDDCEB6B6A87B067349D /* PlaylistsView.swift */,
			);
			path = Library;
			sourceTree = "<group>";
		};
		F4981235F489998C357D9210 /* Repository */ = {
			isa = PBXGroup;
			children = (
				6F4F856B628D25E4022B84DF /* BockMediaRepository.swift */,
			);
			path = Repository;
			sourceTree = "<group>";
		};
		F4CB9C8D73C70DB6DAC065E0 /* Widget */ = {
			isa = PBXGroup;
			children = (
				ECF320A44437BE47245A27CF /* WidgetControlQueue.swift */,
				F48BBCD47F5228386D4A6443 /* WidgetSessionBridge.swift */,
				11992C881D72D93D66A31C26 /* WidgetSessionStore.swift */,
				FFCDF62A3F48ABAEDE57003F /* WidgetSnapshotLogic.swift */,
			);
			path = Widget;
			sourceTree = "<group>";
		};
		F6AF948913D036668DE8E39B /* Downloads */ = {
			isa = PBXGroup;
			children = (
				C26412D32A0C089B5876DD34 /* DownloadsView.swift */,
			);
			path = Downloads;
			sourceTree = "<group>";
		};
		F8624A7BDEFE07E6D0D52941 /* Family */ = {
			isa = PBXGroup;
			children = (
				F4DBDC562D4072CA85EE50F7 /* FamilyView.swift */,
				E7E5019CF471B241196ADC3A /* RoomPolicySheet.swift */,
			);
			path = Family;
			sourceTree = "<group>";
		};
		FC32D6B4D3AB443B44CFF26C /* App */ = {
			isa = PBXGroup;
			children = (
				57B51F1C9BF51FC30010B8D6 /* AppDelegate.swift */,
				8AF0681BB0768DB0E4BA8C22 /* AppState.swift */,
				0382D421535E2FB5BFAB967F /* BockMediaApp.swift */,
				87EDE0AB484433FE63E02135 /* MainTabView.swift */,
				157E21D1DF21A36CD192F9C2 /* RootView.swift */,
			);
			path = App;
			sourceTree = "<group>";
		};
		"TEMP_867026E9-2640-498B-AB4B-5D859554D2A1" /* ios */ = {
			isa = PBXGroup;
			children = (
				"TEMP_5BFCEAB9-6855-4166-9DC5-B9FDFF2C4ADA" /* Config.xcconfig */,
			);
			path = ios;
			sourceTree = "<group>";
		};
/* End PBXGroup section */

/* Begin PBXNativeTarget section */
		0DA8D361B5132C07B2064202 /* BockMediaWidget */ = {
			isa = PBXNativeTarget;
			buildConfigurationList = BF21F57599014D8DB15CC7A1 /* Build configuration list for PBXNativeTarget "BockMediaWidget" */;
			buildPhases = (
				0388F05EE4A37A32FD8EBBB4 /* Sources */,
				07CD6BEEBE82AF611E03D1E3 /* Resources */,
			);
			buildRules = (
			);
			dependencies = (
			);
			name = BockMediaWidget;
			packageProductDependencies = (
			);
			productName = BockMediaWidget;
			productReference = F80B7AF5FF5042D2B666FD49 /* BockMediaWidget.appex */;
			productType = "com.apple.product-type.app-extension";
		};
		12C0B23EB7FC4812C9F6C881 /* BockMediaTests */ = {
			isa = PBXNativeTarget;
			buildConfigurationList = AB979B0552FBFCF74D290CEC /* Build configuration list for PBXNativeTarget "BockMediaTests" */;
			buildPhases = (
				DCE8A90A358093C11DE5AC61 /* Sources */,
			);
			buildRules = (
			);
			dependencies = (
				5F8DA1B7B41AC85070460729 /* PBXTargetDependency */,
			);
			name = BockMediaTests;
			packageProductDependencies = (
			);
			productName = BockMediaTests;
			productReference = A9C1E147FD04D856340161E8 /* BockMediaTests.xctest */;
			productType = "com.apple.product-type.bundle.unit-test";
		};
		7306BF709539B947FF4DBB6F /* BockMedia */ = {
			isa = PBXNativeTarget;
			buildConfigurationList = F958D2A2CCE96FDC8F253C51 /* Build configuration list for PBXNativeTarget "BockMedia" */;
			buildPhases = (
				C8FAE6433BC559F67494DE49 /* Sources */,
				F03FE40E93D0C42D7C372694 /* Resources */,
				B0A192280D67AABD5A61E04C /* Embed Foundation Extensions */,
			);
			buildRules = (
			);
			dependencies = (
				362A57B58686AFE464B2BD0E /* PBXTargetDependency */,
			);
			name = BockMedia;
			packageProductDependencies = (
			);
			productName = BockMedia;
			productReference = 6DBDD374F4877D6CC4561FE0 /* BockMedia.app */;
			productType = "com.apple.product-type.application";
		};
		93ADA47E192C79D8EDAEC330 /* BockMediaUITests */ = {
			isa = PBXNativeTarget;
			buildConfigurationList = F8737584823307D3E61372EF /* Build configuration list for PBXNativeTarget "BockMediaUITests" */;
			buildPhases = (
				6177F69DE657B9A70DCDB4B9 /* Sources */,
			);
			buildRules = (
			);
			dependencies = (
				DB2EC57B037BC8B4AD52D0BE /* PBXTargetDependency */,
			);
			name = BockMediaUITests;
			packageProductDependencies = (
			);
			productName = BockMediaUITests;
			productReference = EDB8248C1A3358AA2376853C /* BockMediaUITests.xctest */;
			productType = "com.apple.product-type.bundle.ui-testing";
		};
/* End PBXNativeTarget section */

/* Begin PBXProject section */
		BDD46DAE0E0CE9C920C9FFD6 /* Project object */ = {
			isa = PBXProject;
			attributes = {
				BuildIndependentTargetsInParallel = YES;
				LastUpgradeCheck = 1430;
				TargetAttributes = {
					0DA8D361B5132C07B2064202 = {
						DevelopmentTeam = "$(DEVELOPMENT_TEAM)";
						ProvisioningStyle = Automatic;
					};
					12C0B23EB7FC4812C9F6C881 = {
						DevelopmentTeam = "$(DEVELOPMENT_TEAM)";
						ProvisioningStyle = Automatic;
					};
					7306BF709539B947FF4DBB6F = {
						DevelopmentTeam = "$(DEVELOPMENT_TEAM)";
						ProvisioningStyle = Automatic;
					};
					93ADA47E192C79D8EDAEC330 = {
						DevelopmentTeam = "$(DEVELOPMENT_TEAM)";
						ProvisioningStyle = Automatic;
						TestTargetID = 7306BF709539B947FF4DBB6F;
					};
				};
			};
			buildConfigurationList = CFB8576A99E3250E6334019E /* Build configuration list for PBXProject "BockMedia" */;
			developmentRegion = en;
			hasScannedForEncodings = 0;
			knownRegions = (
				Base,
				en,
			);
			mainGroup = 28396BD5D1C7B16A7C438E5A;
			minimizedProjectReferenceProxies = 1;
			preferredProjectObjectVersion = 77;
			productRefGroup = 1372282320EA714E32553C73 /* Products */;
			projectDirPath = "";
			projectRoot = "";
			targets = (
				7306BF709539B947FF4DBB6F /* BockMedia */,
				12C0B23EB7FC4812C9F6C881 /* BockMediaTests */,
				93ADA47E192C79D8EDAEC330 /* BockMediaUITests */,
				0DA8D361B5132C07B2064202 /* BockMediaWidget */,
			);
		};
/* End PBXProject section */

/* Begin PBXResourcesBuildPhase section */
		07CD6BEEBE82AF611E03D1E3 /* Resources */ = {
			isa = PBXResourcesBuildPhase;
			buildActionMask = 2147483647;
			files = (
				CC2D3F63B537E17EB6D1DBCA /* Assets.xcassets in Resources */,
			);
			runOnlyForDeploymentPostprocessing = 0;
		};
		F03FE40E93D0C42D7C372694 /* Resources */ = {
			isa = PBXResourcesBuildPhase;
			buildActionMask = 2147483647;
			files = (
				88787BF4FCED6A5C1F442869 /* Assets.xcassets in Resources */,
			);
			runOnlyForDeploymentPostprocessing = 0;
		};
/* End PBXResourcesBuildPhase section */

/* Begin PBXSourcesBuildPhase section */
		0388F05EE4A37A32FD8EBBB4 /* Sources */ = {
			isa = PBXSourcesBuildPhase;
			buildActionMask = 2147483647;
			files = (
				BE2FDF15F6EA38E4C6AE9FAB /* BockIcons.swift in Sources */,
				073EF523C1EDE91F14FE51C7 /* BockMediaWidget.swift in Sources */,
				547B01FF68B2047553A6BE83 /* WidgetControlQueue.swift in Sources */,
				A6FFFA097B3A9C175E26FAA7 /* WidgetSessionStore.swift in Sources */,
				04BF602327A530440DC6383D /* WidgetSnapshotLogic.swift in Sources */,
			);
			runOnlyForDeploymentPostprocessing = 0;
		};
		6177F69DE657B9A70DCDB4B9 /* Sources */ = {
			isa = PBXSourcesBuildPhase;
			buildActionMask = 2147483647;
			files = (
				A86AEADF383F531C768E42A9 /* BockMediaUITests.swift in Sources */,
			);
			runOnlyForDeploymentPostprocessing = 0;
		};
		C8FAE6433BC559F67494DE49 /* Sources */ = {
			isa = PBXSourcesBuildPhase;
			buildActionMask = 2147483647;
			files = (
				4021E8432D6DB2CB2BB0739E /* AboutView.swift in Sources */,
				12F5D1B79FBEFDEE6193A173 /* AccountMenu.swift in Sources */,
				195A31D4093FB99E55238FAB /* AddToPlaylistSheet.swift in Sources */,
				F0CFE36BC8D7648C60492E7B /* AlexaAuthMonitor.swift in Sources */,
				F3097D48D613AA1E49039753 /* AnalyticsView.swift in Sources */,
				37F959C56E361E8E028E945A /* ApiDtos.swift in Sources */,
				B2DD174504029CB640DBF51F /* AppDelegate.swift in Sources */,
				4F3C8FF39926712DB164014C /* AppPreferences.swift in Sources */,
				4A335928C04380449389D2E3 /* AppState.swift in Sources */,
				4D1DBB5E2D50491CCF5D5B5F /* ArtworkImageCache.swift in Sources */,
				A89790118FB632A7A4815A60 /* AuthHeaders.swift in Sources */,
				A40FAC23AE7CF7EE50229B89 /* AutomationFormSheet.swift in Sources */,
				B7F8CABE21DA1F519DCA1F8F /* AutomationsView.swift in Sources */,
				EB2A3CBCFD2B5D5D2557A550 /* BackgroundDownloadScheduler.swift in Sources */,
				95395C24CD4E5E0AF0FAB330 /* BockAPIError.swift in Sources */,
				5945D79660AA217B1282755D /* BockArtwork.swift in Sources */,
				BED7A18BD2946C1059F4E617 /* BockIcons.swift in Sources */,
				9D63E7A495BBE0FFA028AB9C /* BockLoadingLogo.swift in Sources */,
				F4835AC320DE3376DB24EBC6 /* BockMediaAPIClient.swift in Sources */,
				2A9F6CE64869024FE2493ADE /* BockMediaApp.swift in Sources */,
				D4F4F24075A2A8A54B5B51A5 /* BockMediaRepository.swift in Sources */,
				0C94BCCE152F51D186C01518 /* BockTheme.swift in Sources */,
				8412CF34F170C96DF18D9224 /* BrowseViews.swift in Sources */,
				026B65418C1AB62F63EA8BFB /* BuildConfig.swift in Sources */,
				4716D60367A71BC18BB01A7F /* CarPlayCoordinator.swift in Sources */,
				AFAA29475F05613F5F4E9F93 /* ClientIdStore.swift in Sources */,
				9178AB99693D3238E97F6711 /* DeepLink.swift in Sources */,
				A4F81A6C81D93A2CF3E80244 /* DeviceAnalyticsReporter.swift in Sources */,
				CC1720D8493D4B0016481405 /* DeviceCatalog.swift in Sources */,
				8D300B311B2097C7A2EB68F6 /* DevicePickerSheet.swift in Sources */,
				D464FBF2CEED780B47AF67B9 /* DevicesView.swift in Sources */,
				7E41E01AE300F9E7699F0DC9 /* DiscoveryActions.swift in Sources */,
				1099804BC722085C6B4A30EB /* DownloadNotifications.swift in Sources */,
				5C71F4B173C3842353B23163 /* DownloadsView.swift in Sources */,
				A8D179B7C2082462CA89A7D9 /* DrivingModeView.swift in Sources */,
				14A24FDD605EB4A63E3DE1A7 /* FamilyView.swift in Sources */,
				30C44F98B388EAD20F32685C /* FavoritesView.swift in Sources */,
				C27F81088F1300D8F92CF36C /* GenreDetailView.swift in Sources */,
				6B206DA4D24BA79EECE918D7 /* HomeArtwork.swift in Sources */,
				BD4B50A9EED76297963DF66B /* HomeArtworkCache.swift in Sources */,
				05CF4524341E23099C566A4B /* HomeCachePersistence.swift in Sources */,
				30EFB4E27A1F7BB0C6864B3F /* HomeCardRow.swift in Sources */,
				D169809799D32294B01E0EFA /* HomeComponents.swift in Sources */,
				0753CE4DFBCCAC4D86121026 /* HomeFeed.swift in Sources */,
				56B98389010330AD8BB36575 /* HomeFeedCache.swift in Sources */,
				110C751390770A0A8BA4909F /* HomeFeedComposer.swift in Sources */,
				32BD66058B28455DBB71FFF8 /* HomeFeedRules.swift in Sources */,
				4BCAFDFDE64587E400CF1D3C /* HomeLoadCoordinator.swift in Sources */,
				6580CE78A799EEBCB51B3EF6 /* HomeMoodSections.swift in Sources */,
				3143B880968980898FAA89BF /* HomeThemeCatalog.swift in Sources */,
				96EE3F53446C4D85C142006B /* HomeTileEngagement.swift in Sources */,
				1D52816D3E2398F3D4BF97B7 /* HomeView.swift in Sources */,
				20053BAA45EB7BEF59E99D00 /* HouseholdModels.swift in Sources */,
				2A2EE5BF986BF015CA37ADDF /* JSONCoding.swift in Sources */,
				FA552904329B9A2EC80172CD /* KeychainStore.swift in Sources */,
				1DFB1D319FBB1810F60379EC /* LibraryCachePersistence.swift in Sources */,
				21AAF37071225CB4E4A41390 /* LibraryLoader.swift in Sources */,
				B7E9D9F389185C6CBE2CAB19 /* LibraryRoute.swift in Sources */,
				D2E9AF1F81B13855D550CD36 /* LibrarySessionCache.swift in Sources */,
				0950F9128B9C285957FDB02A /* LibraryView.swift in Sources */,
				5594D548B6DEF1F8E011CE18 /* LocalPlaybackController.swift in Sources */,
				FC6420F566B87044822F6C0F /* LocalPlaybackQueueResolver.swift in Sources */,
				59B088E379EF7592B35BE138 /* MainTabView.swift in Sources */,
				BC99116AFC211D733FCE7235 /* ManagePlaylistsView.swift in Sources */,
				6CF9DD3FE37192A58B1D9EE8 /* MiniNowPlayingBar.swift in Sources */,
				56E27AF5A0E6871048733285 /* Models.swift in Sources */,
				004D30E9795B656DA753CD10 /* NowPlayingHelpers.swift in Sources */,
				B5DF2AD0BBF011A3DD81FDF1 /* NowPlayingMerge.swift in Sources */,
				F55945C6AC8FABC2E4E8C8FE /* NowPlayingPollService.swift in Sources */,
				07A39EA23667437966F573EA /* NowPlayingSheets.swift in Sources */,
				59D1F8AA1967F4DFC49A3BCC /* NowPlayingView.swift in Sources */,
				CD50C243F4FEF5EFD1192A10 /* OfflineBackgroundSession.swift in Sources */,
				6E722A8D5D488F69037365E6 /* OfflineDownloadIds.swift in Sources */,
				BF47D6BDD33B53B784348F2B /* OfflineDownloadManager.swift in Sources */,
				F1B3BCD79B81D395CDE765B3 /* OfflineDownloadNetwork.swift in Sources */,
				2D60B4D759F60645D769F739 /* OfflineDownloadStore.swift in Sources */,
				DB754E9C086570049E536898 /* OfflineModels.swift in Sources */,
				3D826163300C0FD8F419D8FB /* PhonePlayback.swift in Sources */,
				E0BBDA0C5B03276CF3DF02EA /* PinnedDevicesStore.swift in Sources */,
				EB12655C366B9FE36ADC6B24 /* PlayDownloadActions.swift in Sources */,
				E4E6F8B71D28ED5B2151720D /* PlayLauncher.swift in Sources */,
				2AD9ACF1988B63266B1EB2FA /* PlayTarget.swift in Sources */,
				DF4CBB67E9D7D3E056B3989A /* PlaybackFocus.swift in Sources */,
				311F48FCA1A3E22BD123D939 /* PlaylistAdminSheets.swift in Sources */,
				DC68BBFB0A58350D67612077 /* PlaylistsView.swift in Sources */,
				C3E51BA9B27B43DD346B74AE /* RecentRequestsView.swift in Sources */,
				7E2D8E88F5612C676C902C62 /* RoomPolicySheet.swift in Sources */,
				19EE0DC1E44AC8964D6D57BA /* RoomsView.swift in Sources */,
				C86EEE4BD90C58ABFEBD4646 /* RootView.swift in Sources */,
				28FBB6BF1A9B7CA790D37322 /* RoutinesView.swift in Sources */,
				72F52CB3392C1C44C4981657 /* SearchBrowse.swift in Sources */,
				14615F2F75316751BBE3373F /* SearchHistoryStore.swift in Sources */,
				EB128AA662F22CCF85EDFBAB /* SearchRoute.swift in Sources */,
				B9D3C10EBBACD1EA9912BACD /* SearchSongFilter.swift in Sources */,
				357123209A57508C0A886DAC /* SearchView.swift in Sources */,
				3EE7E3FA8ED34A331DD3AFF3 /* ServerEndpointResolver.swift in Sources */,
				F18A5F852EE9E0EF892B2CF8 /* ServerURL.swift in Sources */,
				39E1FDD161D8A877A41CA5B2 /* SettingsView.swift in Sources */,
				3C312B3AF680035445DDCBEB /* SetupView.swift in Sources */,
				0E45D31910C9A2A1FCF47473 /* SplashView.swift in Sources */,
				D533A66FC6E6A47AD4433495 /* TabScreenHeader.swift in Sources */,
				311E24BB5F10C1C3ACF11AC2 /* WidgetControlQueue.swift in Sources */,
				F289A200C05A699664BFC216 /* WidgetSessionBridge.swift in Sources */,
				D0E967759BE5F9E5C6F977EF /* WidgetSessionStore.swift in Sources */,
				02430E657FA9837CC9DCEB65 /* WidgetSnapshotLogic.swift in Sources */,
			);
			runOnlyForDeploymentPostprocessing = 0;
		};
		DCE8A90A358093C11DE5AC61 /* Sources */ = {
			isa = PBXSourcesBuildPhase;
			buildActionMask = 2147483647;
			files = (
				798F4FF6F4430ED78EE5232B /* HomeFeedComposerGoldenTests.swift in Sources */,
				4BC61D484F1E01E3C62E044A /* ModelsTests.swift in Sources */,
				F71AA7A58EA30D7016EA38E1 /* OfflineAndNetworkTests.swift in Sources */,
				ACC8589CD40480784B8BC324 /* WidgetSnapshotLogicTests.swift in Sources */,
			);
			runOnlyForDeploymentPostprocessing = 0;
		};
/* End PBXSourcesBuildPhase section */

/* Begin PBXTargetDependency section */
		362A57B58686AFE464B2BD0E /* PBXTargetDependency */ = {
			isa = PBXTargetDependency;
			target = 0DA8D361B5132C07B2064202 /* BockMediaWidget */;
			targetProxy = 90AF5F2207EDE24FADC9E2CD /* PBXContainerItemProxy */;
		};
		5F8DA1B7B41AC85070460729 /* PBXTargetDependency */ = {
			isa = PBXTargetDependency;
			target = 7306BF709539B947FF4DBB6F /* BockMedia */;
			targetProxy = 7C41B6DD9F74762EDD175747 /* PBXContainerItemProxy */;
		};
		DB2EC57B037BC8B4AD52D0BE /* PBXTargetDependency */ = {
			isa = PBXTargetDependency;
			target = 7306BF709539B947FF4DBB6F /* BockMedia */;
			targetProxy = E97F248B0AC53F2DFB190F25 /* PBXContainerItemProxy */;
		};
/* End PBXTargetDependency section */

/* Begin XCBuildConfiguration section */
		07079D8F03DC405D2A4BAE23 /* Debug */ = {
			isa = XCBuildConfiguration;
			buildSettings = {
				ASSETCATALOG_COMPILER_APPICON_NAME = AppIcon;
				CODE_SIGN_ENTITLEMENTS = BockMedia/BockMedia.entitlements;
				CODE_SIGN_IDENTITY = "iPhone Developer";
				CURRENT_PROJECT_VERSION = 8;
				ENABLE_PREVIEWS = YES;
				INFOPLIST_FILE = BockMedia/Info.plist;
				INFOPLIST_KEY_CFBundleDisplayName = "Bock Media";
				INFOPLIST_KEY_UIApplicationSceneManifest_Generation = YES;
				INFOPLIST_KEY_UILaunchScreen_Generation = YES;
				INFOPLIST_KEY_UIRequiresFullScreen = YES;
				INFOPLIST_KEY_UISupportedInterfaceOrientations = UIInterfaceOrientationPortrait;
				INFOPLIST_KEY_UISupportedInterfaceOrientations_iPad = "UIInterfaceOrientationPortrait UIInterfaceOrientationPortraitUpsideDown UIInterfaceOrientationLandscapeLeft UIInterfaceOrientationLandscapeRight";
				LD_RUNPATH_SEARCH_PATHS = (
					"$(inherited)",
					"@executable_path/Frameworks",
				);
				MARKETING_VERSION = 2.4.0;
				PRODUCT_BUNDLE_IDENTIFIER = com.bockmedia.console;
				SDKROOT = iphoneos;
				TARGETED_DEVICE_FAMILY = "1,2";
			};
			name = Debug;
		};
		09BC54493AB4F69668E80D94 /* Debug */ = {
			isa = XCBuildConfiguration;
			buildSettings = {
				CODE_SIGN_ENTITLEMENTS = BockMediaWidget/BockMediaWidget.entitlements;
				CURRENT_PROJECT_VERSION = 8;
				INFOPLIST_FILE = BockMediaWidget/Info.plist;
				INFOPLIST_KEY_CFBundleDisplayName = "Bock Media";
				LD_RUNPATH_SEARCH_PATHS = (
					"$(inherited)",
					"@executable_path/Frameworks",
					"@executable_path/../../Frameworks",
				);
				MARKETING_VERSION = 2.4.0;
				PRODUCT_BUNDLE_IDENTIFIER = com.bockmedia.console.widget;
				SDKROOT = iphoneos;
				SKIP_INSTALL = YES;
				TARGETED_DEVICE_FAMILY = "1,2";
			};
			name = Debug;
		};
		179E5F334307018B4BFD1C78 /* Debug */ = {
			isa = XCBuildConfiguration;
			buildSettings = {
				BUNDLE_LOADER = "$(TEST_HOST)";
				GENERATE_INFOPLIST_FILE = YES;
				LD_RUNPATH_SEARCH_PATHS = (
					"$(inherited)",
					"@executable_path/Frameworks",
					"@loader_path/Frameworks",
				);
				PRODUCT_BUNDLE_IDENTIFIER = com.bockmedia.console.uitests;
				SDKROOT = iphoneos;
				TARGETED_DEVICE_FAMILY = "1,2";
				TEST_TARGET_NAME = BockMedia;
			};
			name = Debug;
		};
		397B47CDE233A6593A0BCEB3 /* Release */ = {
			isa = XCBuildConfiguration;
			buildSettings = {
				ASSETCATALOG_COMPILER_APPICON_NAME = AppIcon;
				CODE_SIGN_ENTITLEMENTS = BockMedia/BockMedia.entitlements;
				CODE_SIGN_IDENTITY = "iPhone Developer";
				CURRENT_PROJECT_VERSION = 8;
				ENABLE_PREVIEWS = YES;
				INFOPLIST_FILE = BockMedia/Info.plist;
				INFOPLIST_KEY_CFBundleDisplayName = "Bock Media";
				INFOPLIST_KEY_UIApplicationSceneManifest_Generation = YES;
				INFOPLIST_KEY_UILaunchScreen_Generation = YES;
				INFOPLIST_KEY_UIRequiresFullScreen = YES;
				INFOPLIST_KEY_UISupportedInterfaceOrientations = UIInterfaceOrientationPortrait;
				INFOPLIST_KEY_UISupportedInterfaceOrientations_iPad = "UIInterfaceOrientationPortrait UIInterfaceOrientationPortraitUpsideDown UIInterfaceOrientationLandscapeLeft UIInterfaceOrientationLandscapeRight";
				LD_RUNPATH_SEARCH_PATHS = (
					"$(inherited)",
					"@executable_path/Frameworks",
				);
				MARKETING_VERSION = 2.4.0;
				PRODUCT_BUNDLE_IDENTIFIER = com.bockmedia.console;
				SDKROOT = iphoneos;
				TARGETED_DEVICE_FAMILY = "1,2";
			};
			name = Release;
		};
		6219BA74FFAB2E1B8F1C720E /* Debug */ = {
			isa = XCBuildConfiguration;
			baseConfigurationReference = "TEMP_5BFCEAB9-6855-4166-9DC5-B9FDFF2C4ADA" /* Config.xcconfig */;
			buildSettings = {
				ALWAYS_SEARCH_USER_PATHS = NO;
				CLANG_ANALYZER_NONNULL = YES;
				CLANG_ANALYZER_NUMBER_OBJECT_CONVERSION = YES_AGGRESSIVE;
				CLANG_CXX_LANGUAGE_STANDARD = "gnu++14";
				CLANG_CXX_LIBRARY = "libc++";
				CLANG_ENABLE_MODULES = YES;
				CLANG_ENABLE_OBJC_ARC = YES;
				CLANG_ENABLE_OBJC_WEAK = YES;
				CLANG_WARN_BLOCK_CAPTURE_AUTORELEASING = YES;
				CLANG_WARN_BOOL_CONVERSION = YES;
				CLANG_WARN_COMMA = YES;
				CLANG_WARN_CONSTANT_CONVERSION = YES;
				CLANG_WARN_DEPRECATED_OBJC_IMPLEMENTATIONS = YES;
				CLANG_WARN_DIRECT_OBJC_ISA_USAGE = YES_ERROR;
				CLANG_WARN_DOCUMENTATION_COMMENTS = YES;
				CLANG_WARN_EMPTY_BODY = YES;
				CLANG_WARN_ENUM_CONVERSION = YES;
				CLANG_WARN_INFINITE_RECURSION = YES;
				CLANG_WARN_INT_CONVERSION = YES;
				CLANG_WARN_NON_LITERAL_NULL_CONVERSION = YES;
				CLANG_WARN_OBJC_IMPLICIT_RETAIN_SELF = YES;
				CLANG_WARN_OBJC_LITERAL_CONVERSION = YES;
				CLANG_WARN_OBJC_ROOT_CLASS = YES_ERROR;
				CLANG_WARN_QUOTED_INCLUDE_IN_FRAMEWORK_HEADER = YES;
				CLANG_WARN_RANGE_LOOP_ANALYSIS = YES;
				CLANG_WARN_STRICT_PROTOTYPES = YES;
				CLANG_WARN_SUSPICIOUS_MOVE = YES;
				CLANG_WARN_UNGUARDED_AVAILABILITY = YES_AGGRESSIVE;
				CLANG_WARN_UNREACHABLE_CODE = YES;
				CLANG_WARN__DUPLICATE_METHOD_MATCH = YES;
				CODE_SIGN_STYLE = Automatic;
				COPY_PHASE_STRIP = NO;
				DEBUG_INFORMATION_FORMAT = dwarf;
				DEVELOPMENT_TEAM = "$(DEVELOPMENT_TEAM)";
				ENABLE_STRICT_OBJC_MSGSEND = YES;
				ENABLE_TESTABILITY = YES;
				GCC_C_LANGUAGE_STANDARD = gnu11;
				GCC_DYNAMIC_NO_PIC = NO;
				GCC_NO_COMMON_BLOCKS = YES;
				GCC_OPTIMIZATION_LEVEL = 0;
				GCC_PREPROCESSOR_DEFINITIONS = (
					"$(inherited)",
					"DEBUG=1",
				);
				GCC_WARN_64_TO_32_BIT_CONVERSION = YES;
				GCC_WARN_ABOUT_RETURN_TYPE = YES_ERROR;
				GCC_WARN_UNDECLARED_SELECTOR = YES;
				GCC_WARN_UNINITIALIZED_AUTOS = YES_AGGRESSIVE;
				GCC_WARN_UNUSED_FUNCTION = YES;
				GCC_WARN_UNUSED_VARIABLE = YES;
				IPHONEOS_DEPLOYMENT_TARGET = 17.0;
				MTL_ENABLE_DEBUG_INFO = INCLUDE_SOURCE;
				MTL_FAST_MATH = YES;
				ONLY_ACTIVE_ARCH = YES;
				PRODUCT_NAME = "$(TARGET_NAME)";
				SDKROOT = iphoneos;
				SWIFT_ACTIVE_COMPILATION_CONDITIONS = DEBUG;
				SWIFT_OPTIMIZATION_LEVEL = "-Onone";
				SWIFT_VERSION = 5.9;
			};
			name = Debug;
		};
		7C4FC56AAE6AB2BC7BED4B04 /* Release */ = {
			isa = XCBuildConfiguration;
			buildSettings = {
				BUNDLE_LOADER = "$(TEST_HOST)";
				GENERATE_INFOPLIST_FILE = YES;
				LD_RUNPATH_SEARCH_PATHS = (
					"$(inherited)",
					"@executable_path/Frameworks",
					"@loader_path/Frameworks",
				);
				PRODUCT_BUNDLE_IDENTIFIER = com.bockmedia.console.tests;
				SDKROOT = iphoneos;
				TARGETED_DEVICE_FAMILY = "1,2";
				TEST_HOST = "$(BUILT_PRODUCTS_DIR)/BockMedia.app/BockMedia";
			};
			name = Release;
		};
		8271F4AB2F0FA58478E0DD1B /* Release */ = {
			isa = XCBuildConfiguration;
			buildSettings = {
				CODE_SIGN_ENTITLEMENTS = BockMediaWidget/BockMediaWidget.entitlements;
				CURRENT_PROJECT_VERSION = 8;
				INFOPLIST_FILE = BockMediaWidget/Info.plist;
				INFOPLIST_KEY_CFBundleDisplayName = "Bock Media";
				LD_RUNPATH_SEARCH_PATHS = (
					"$(inherited)",
					"@executable_path/Frameworks",
					"@executable_path/../../Frameworks",
				);
				MARKETING_VERSION = 2.4.0;
				PRODUCT_BUNDLE_IDENTIFIER = com.bockmedia.console.widget;
				SDKROOT = iphoneos;
				SKIP_INSTALL = YES;
				TARGETED_DEVICE_FAMILY = "1,2";
			};
			name = Release;
		};
		B7DF9EF27EC8F31E180E8E80 /* Release */ = {
			isa = XCBuildConfiguration;
			baseConfigurationReference = "TEMP_5BFCEAB9-6855-4166-9DC5-B9FDFF2C4ADA" /* Config.xcconfig */;
			buildSettings = {
				ALWAYS_SEARCH_USER_PATHS = NO;
				CLANG_ANALYZER_NONNULL = YES;
				CLANG_ANALYZER_NUMBER_OBJECT_CONVERSION = YES_AGGRESSIVE;
				CLANG_CXX_LANGUAGE_STANDARD = "gnu++14";
				CLANG_CXX_LIBRARY = "libc++";
				CLANG_ENABLE_MODULES = YES;
				CLANG_ENABLE_OBJC_ARC = YES;
				CLANG_ENABLE_OBJC_WEAK = YES;
				CLANG_WARN_BLOCK_CAPTURE_AUTORELEASING = YES;
				CLANG_WARN_BOOL_CONVERSION = YES;
				CLANG_WARN_COMMA = YES;
				CLANG_WARN_CONSTANT_CONVERSION = YES;
				CLANG_WARN_DEPRECATED_OBJC_IMPLEMENTATIONS = YES;
				CLANG_WARN_DIRECT_OBJC_ISA_USAGE = YES_ERROR;
				CLANG_WARN_DOCUMENTATION_COMMENTS = YES;
				CLANG_WARN_EMPTY_BODY = YES;
				CLANG_WARN_ENUM_CONVERSION = YES;
				CLANG_WARN_INFINITE_RECURSION = YES;
				CLANG_WARN_INT_CONVERSION = YES;
				CLANG_WARN_NON_LITERAL_NULL_CONVERSION = YES;
				CLANG_WARN_OBJC_IMPLICIT_RETAIN_SELF = YES;
				CLANG_WARN_OBJC_LITERAL_CONVERSION = YES;
				CLANG_WARN_OBJC_ROOT_CLASS = YES_ERROR;
				CLANG_WARN_QUOTED_INCLUDE_IN_FRAMEWORK_HEADER = YES;
				CLANG_WARN_RANGE_LOOP_ANALYSIS = YES;
				CLANG_WARN_STRICT_PROTOTYPES = YES;
				CLANG_WARN_SUSPICIOUS_MOVE = YES;
				CLANG_WARN_UNGUARDED_AVAILABILITY = YES_AGGRESSIVE;
				CLANG_WARN_UNREACHABLE_CODE = YES;
				CLANG_WARN__DUPLICATE_METHOD_MATCH = YES;
				CODE_SIGN_STYLE = Automatic;
				COPY_PHASE_STRIP = NO;
				DEBUG_INFORMATION_FORMAT = "dwarf-with-dsym";
				DEVELOPMENT_TEAM = "$(DEVELOPMENT_TEAM)";
				ENABLE_NS_ASSERTIONS = NO;
				ENABLE_STRICT_OBJC_MSGSEND = YES;
				GCC_C_LANGUAGE_STANDARD = gnu11;
				GCC_NO_COMMON_BLOCKS = YES;
				GCC_WARN_64_TO_32_BIT_CONVERSION = YES;
				GCC_WARN_ABOUT_RETURN_TYPE = YES_ERROR;
				GCC_WARN_UNDECLARED_SELECTOR = YES;
				GCC_WARN_UNINITIALIZED_AUTOS = YES_AGGRESSIVE;
				GCC_WARN_UNUSED_FUNCTION = YES;
				GCC_WARN_UNUSED_VARIABLE = YES;
				IPHONEOS_DEPLOYMENT_TARGET = 17.0;
				MTL_ENABLE_DEBUG_INFO = NO;
				MTL_FAST_MATH = YES;
				PRODUCT_NAME = "$(TARGET_NAME)";
				SDKROOT = iphoneos;
				SWIFT_COMPILATION_MODE = wholemodule;
				SWIFT_OPTIMIZATION_LEVEL = "-O";
				SWIFT_VERSION = 5.9;
			};
			name = Release;
		};
		BCBACAB00BEE4E110F5DA3C8 /* Release */ = {
			isa = XCBuildConfiguration;
			buildSettings = {
				BUNDLE_LOADER = "$(TEST_HOST)";
				GENERATE_INFOPLIST_FILE = YES;
				LD_RUNPATH_SEARCH_PATHS = (
					"$(inherited)",
					"@executable_path/Frameworks",
					"@loader_path/Frameworks",
				);
				PRODUCT_BUNDLE_IDENTIFIER = com.bockmedia.console.uitests;
				SDKROOT = iphoneos;
				TARGETED_DEVICE_FAMILY = "1,2";
				TEST_TARGET_NAME = BockMedia;
			};
			name = Release;
		};
		D264C71AA5C08B653BA64B5F /* Debug */ = {
			isa = XCBuildConfiguration;
			buildSettings = {
				BUNDLE_LOADER = "$(TEST_HOST)";
				GENERATE_INFOPLIST_FILE = YES;
				LD_RUNPATH_SEARCH_PATHS = (
					"$(inherited)",
					"@executable_path/Frameworks",
					"@loader_path/Frameworks",
				);
				PRODUCT_BUNDLE_IDENTIFIER = com.bockmedia.console.tests;
				SDKROOT = iphoneos;
				TARGETED_DEVICE_FAMILY = "1,2";
				TEST_HOST = "$(BUILT_PRODUCTS_DIR)/BockMedia.app/BockMedia";
			};
			name = Debug;
		};
/* End XCBuildConfiguration section */

/* Begin XCConfigurationList section */
		AB979B0552FBFCF74D290CEC /* Build configuration list for PBXNativeTarget "BockMediaTests" */ = {
			isa = XCConfigurationList;
			buildConfigurations = (
				D264C71AA5C08B653BA64B5F /* Debug */,
				7C4FC56AAE6AB2BC7BED4B04 /* Release */,
			);
			defaultConfigurationIsVisible = 0;
			defaultConfigurationName = Debug;
		};
		BF21F57599014D8DB15CC7A1 /* Build configuration list for PBXNativeTarget "BockMediaWidget" */ = {
			isa = XCConfigurationList;
			buildConfigurations = (
				09BC54493AB4F69668E80D94 /* Debug */,
				8271F4AB2F0FA58478E0DD1B /* Release */,
			);
			defaultConfigurationIsVisible = 0;
			defaultConfigurationName = Debug;
		};
		CFB8576A99E3250E6334019E /* Build configuration list for PBXProject "BockMedia" */ = {
			isa = XCConfigurationList;
			buildConfigurations = (
				6219BA74FFAB2E1B8F1C720E /* Debug */,
				B7DF9EF27EC8F31E180E8E80 /* Release */,
			);
			defaultConfigurationIsVisible = 0;
			defaultConfigurationName = Debug;
		};
		F8737584823307D3E61372EF /* Build configuration list for PBXNativeTarget "BockMediaUITests" */ = {
			isa = XCConfigurationList;
			buildConfigurations = (
				179E5F334307018B4BFD1C78 /* Debug */,
				BCBACAB00BEE4E110F5DA3C8 /* Release */,
			);
			defaultConfigurationIsVisible = 0;
			defaultConfigurationName = Debug;
		};
		F958D2A2CCE96FDC8F253C51 /* Build configuration list for PBXNativeTarget "BockMedia" */ = {
			isa = XCConfigurationList;
			buildConfigurations = (
				07079D8F03DC405D2A4BAE23 /* Debug */,
				397B47CDE233A6593A0BCEB3 /* Release */,
			);
			defaultConfigurationIsVisible = 0;
			defaultConfigurationName = Debug;
		};
/* End XCConfigurationList section */
	};
	rootObject = BDD46DAE0E0CE9C920C9FFD6 /* Project object */;
}
